{
  "version": 4,
  "terraform_version": "1.0.3",
  "serial": 58,
  "lineage": "4405095c-92a0-411f-7b1b-a76079ccd247",
  "outputs": {
    "alb_dns_name": {
      "value": "ws-production-alb-1107952574.us-east-1.elb.amazonaws.com",
      "type": "string"
    }
  },
  "resources": [
    {
      "mode": "managed",
      "type": "aws_key_pair",
      "name": "key",
      "provider": "provider[\"registry.terraform.io/hashicorp/aws\"]",
      "instances": [
        {
          "schema_version": 1,
          "attributes": {
            "arn": "arn:aws:ec2:us-east-1:367444460268:key-pair/production_key",
            "fingerprint": "b6:c7:bb:3a:ff:fc:1a:57:38:6d:90:3e:dd:a3:a2:b6",
            "id": "production_key",
            "key_name": "production_key",
            "key_name_prefix": null,
            "key_pair_id": "key-0ea38cf0feed5ca3d",
            "public_key": "ssh-rsa AAAAB3NzaC1yc2EAAAADAQABAAABgQDI7pAic9u4uZb61WdGA/CaOJZfYp/F/DEgAc1hzTwu7JDic06ulGqPjHkEFupij7oySiyuI08gSu1sMaaxji12glgTbl7zQsGGbd3i6SOwFqe8jPOAR9JeM7sHzs/sklHZiO4ooqo8sf8aLCFnco68CN7lY+v4o+J8JpVz4//7HooaKjg96tdPBoHolz9XSD+FHhFTDTULos4smVztZpk/1/CQL8xpAJNbjqgjfrYznKYoDXTAfGHnEsLRXmx3dgHJ0UP41QgqeO1+Ef+Dh2oQZPcUJmw/Favw2yWml/lzuHIb+Lye/hfKdAJPMxw7+GmQqcMGHYZCYpqtWpkN1MoUXfThbZF0yG3cP6pOMuRqmMNCVSL1KeF6aGlkwhNdwS+13XADy0ArCT9AAOwoO1UnQCDvvO2BP4q8bGAZaRSRKpqkYSe+mNqXarFGYbeVugpNg+yyG6ZMmSYJEXs/PX6JksN5H1lowAebWLrrcorcwlDX6KC5/AmhmbCi4lOgM4M= aroravi@C02DG632MD6M",
            "tags": null,
            "tags_all": {}
          },
          "sensitive_attributes": [],
          "private": "eyJzY2hlbWFfdmVyc2lvbiI6IjEifQ=="
        }
      ]
    },
    {
      "mode": "managed",
      "type": "aws_route53_delegation_set",
      "name": "main",
      "provider": "provider[\"registry.terraform.io/hashicorp/aws\"]",
      "instances": [
        {
          "schema_version": 0,
          "attributes": {
            "id": "N01244311XL5DIM8HIWIA",
            "name_servers": [
              "ns-1431.awsdns-50.org",
              "ns-1996.awsdns-57.co.uk",
              "ns-39.awsdns-04.com",
              "ns-571.awsdns-07.net"
            ],
            "reference_name": "DynDNS"
          },
          "sensitive_attributes": [],
          "private": "bnVsbA=="
        }
      ]
    },
    {
      "mode": "managed",
      "type": "aws_route53_record",
      "name": "www-prod",
      "provider": "provider[\"registry.terraform.io/hashicorp/aws\"]",
      "instances": [
        {
          "schema_version": 2,
          "attributes": {
            "alias": [
              {
                "evaluate_target_health": true,
                "name": "ws-production-alb-1107952574.us-east-1.elb.amazonaws.com",
                "zone_id": "Z35SXDOTRQ7X7K"
              }
            ],
            "allow_overwrite": null,
            "failover_routing_policy": [],
            "fqdn": "www.ecsfargateexample.tk",
            "geolocation_routing_policy": [],
            "health_check_id": null,
            "id": "Z0345499N76TP9JOW7LY_www.ecsfargateexample.tk_A",
            "latency_routing_policy": [],
            "multivalue_answer_routing_policy": null,
            "name": "www.ecsfargateexample.tk",
            "records": null,
            "set_identifier": null,
            "ttl": null,
            "type": "A",
            "weighted_routing_policy": [],
            "zone_id": "Z0345499N76TP9JOW7LY"
          },
          "sensitive_attributes": [],
          "private": "eyJzY2hlbWFfdmVyc2lvbiI6IjIifQ==",
          "dependencies": [
            "aws_route53_delegation_set.main",
            "aws_route53_zone.primary_route",
            "module.ecs.aws_alb.main",
            "module.ecs.aws_security_group.web_inbound_sg",
            "module.networking.aws_security_group.default",
            "module.networking.aws_subnet.public_subnet",
            "module.networking.aws_vpc.vpc",
            "module.rds.aws_security_group.db_access_sg"
          ]
        }
      ]
    },
    {
      "mode": "managed",
      "type": "aws_route53_zone",
      "name": "primary_route",
      "provider": "provider[\"registry.terraform.io/hashicorp/aws\"]",
      "instances": [
        {
          "schema_version": 0,
          "attributes": {
            "comment": "Managed by Terraform",
            "delegation_set_id": "N01244311XL5DIM8HIWIA",
            "force_destroy": false,
            "id": "Z0345499N76TP9JOW7LY",
            "name": "ecsfargateexample.tk",
            "name_servers": [
              "ns-1431.awsdns-50.org",
              "ns-1996.awsdns-57.co.uk",
              "ns-39.awsdns-04.com",
              "ns-571.awsdns-07.net"
            ],
            "tags": null,
            "tags_all": {},
            "vpc": [],
            "zone_id": "Z0345499N76TP9JOW7LY"
          },
          "sensitive_attributes": [],
          "private": "bnVsbA==",
          "dependencies": [
            "aws_route53_delegation_set.main"
          ]
        }
      ]
    },
    {
      "module": "module.code_pipeline",
      "mode": "data",
      "type": "template_file",
      "name": "buildspec",
      "provider": "provider[\"registry.terraform.io/hashicorp/template\"]",
      "instances": [
        {
          "schema_version": 0,
          "attributes": {
            "filename": null,
            "id": "71bb891a594edca6a209f91ddbceaa549ba9cac3cebd6073f3170d00190c1dc6",
            "rendered": "version: 0.2\n\nphases:\n  pre_build:\n    commands:\n      - pip install awscli --upgrade --user\n      - echo `aws --version`\n      - echo Logging in to Amazon ECR...\n      - $(aws ecr get-login --region us-east-1 --no-include-email)\n      - REPOSITORY_URI=367444460268.dkr.ecr.us-east-1.amazonaws.com/openjobs/production\n      - IMAGE_TAG=$(echo $CODEBUILD_RESOLVED_SOURCE_VERSION | cut -c 1-7)\n      - echo Entered the pre_build phase...\n  build:\n    commands:\n      - echo Build started on `date`\n      - echo Building the Docker image...\n      - docker build --build-arg build_without=\"development test\" --build-arg rails_env=\"production\" -t $REPOSITORY_URI:latest .\n      - docker tag $REPOSITORY_URI:latest $REPOSITORY_URI:$IMAGE_TAG\n  post_build:\n    commands:\n      - echo Build completed on `date`\n      - echo Pushing the Docker images...\n      - docker push $REPOSITORY_URI:latest\n      - docker push $REPOSITORY_URI:$IMAGE_TAG\n      - echo Writing image definitions file...\n      - printf '[{\"name\":\"web\",\"imageUri\":\"%s\"}]' $REPOSITORY_URI:$IMAGE_TAG \u003e imagedefinitions.json\n      - echo upgrading db-migrate task definitions\n      - aws ecs run-task --launch-type FARGATE --cluster ws-production-ecs-cluster --task-definition production_db_migrate --network-configuration \"awsvpcConfiguration={subnets=[subnet-0fbebde0817e3db0b],securityGroups=[sg-0598846f78f2c8aeb,sg-07a9a992cfc3d0c0b,sg-0efa2440037098a32]}\"\nartifacts:\n  files: imagedefinitions.json\n",
            "template": "version: 0.2\n\nphases:\n  pre_build:\n    commands:\n      - pip install awscli --upgrade --user\n      - echo `aws --version`\n      - echo Logging in to Amazon ECR...\n      - $(aws ecr get-login --region ${region} --no-include-email)\n      - REPOSITORY_URI=${repository_url}\n      - IMAGE_TAG=$(echo $CODEBUILD_RESOLVED_SOURCE_VERSION | cut -c 1-7)\n      - echo Entered the pre_build phase...\n  build:\n    commands:\n      - echo Build started on `date`\n      - echo Building the Docker image...\n      - docker build --build-arg build_without=\"development test\" --build-arg rails_env=\"production\" -t $REPOSITORY_URI:latest .\n      - docker tag $REPOSITORY_URI:latest $REPOSITORY_URI:$IMAGE_TAG\n  post_build:\n    commands:\n      - echo Build completed on `date`\n      - echo Pushing the Docker images...\n      - docker push $REPOSITORY_URI:latest\n      - docker push $REPOSITORY_URI:$IMAGE_TAG\n      - echo Writing image definitions file...\n      - printf '[{\"name\":\"web\",\"imageUri\":\"%s\"}]' $REPOSITORY_URI:$IMAGE_TAG \u003e imagedefinitions.json\n      - echo upgrading db-migrate task definitions\n      - aws ecs run-task --launch-type FARGATE --cluster ${cluster_name} --task-definition production_db_migrate --network-configuration \"awsvpcConfiguration={subnets=[${subnet_id}],securityGroups=[${security_group_ids}]}\"\nartifacts:\n  files: imagedefinitions.json\n",
            "vars": {
              "cluster_name": "ws-production-ecs-cluster",
              "region": "us-east-1",
              "repository_url": "367444460268.dkr.ecr.us-east-1.amazonaws.com/openjobs/production",
              "security_group_ids": "sg-0598846f78f2c8aeb,sg-07a9a992cfc3d0c0b,sg-0efa2440037098a32",
              "subnet_id": "subnet-0fbebde0817e3db0b"
            }
          },
          "sensitive_attributes": []
        }
      ]
    },
    {
      "module": "module.code_pipeline",
      "mode": "data",
      "type": "template_file",
      "name": "codebuild_policy",
      "provider": "provider[\"registry.terraform.io/hashicorp/template\"]",
      "instances": []
    },
    {
      "module": "module.code_pipeline",
      "mode": "data",
      "type": "template_file",
      "name": "codepipeline_policy",
      "provider": "provider[\"registry.terraform.io/hashicorp/template\"]",
      "instances": []
    },
    {
      "module": "module.code_pipeline",
      "mode": "managed",
      "type": "aws_codebuild_project",
      "name": "openjobs_build",
      "provider": "provider[\"registry.terraform.io/hashicorp/aws\"]",
      "instances": [
        {
          "schema_version": 0,
          "attributes": {
            "arn": "arn:aws:codebuild:us-east-1:367444460268:project/openjobs-codebuild",
            "artifacts": [
              {
                "artifact_identifier": "",
                "encryption_disabled": false,
                "location": "",
                "name": "openjobs-codebuild",
                "namespace_type": "",
                "override_artifact_name": false,
                "packaging": "NONE",
                "path": "",
                "type": "CODEPIPELINE"
              }
            ],
            "badge_enabled": false,
            "badge_url": "",
            "build_batch_config": [],
            "build_timeout": 10,
            "cache": [
              {
                "location": "",
                "modes": [],
                "type": "NO_CACHE"
              }
            ],
            "concurrent_build_limit": 0,
            "description": "",
            "encryption_key": "arn:aws:kms:us-east-1:367444460268:alias/aws/s3",
            "environment": [
              {
                "certificate": "",
                "compute_type": "BUILD_GENERAL1_SMALL",
                "environment_variable": [],
                "image": "aws/codebuild/docker:1.12.1",
                "image_pull_credentials_type": "CODEBUILD",
                "privileged_mode": true,
                "registry_credential": [],
                "type": "LINUX_CONTAINER"
              }
            ],
            "file_system_locations": [],
            "id": "arn:aws:codebuild:us-east-1:367444460268:project/openjobs-codebuild",
            "logs_config": [
              {
                "cloudwatch_logs": [
                  {
                    "group_name": "",
                    "status": "ENABLED",
                    "stream_name": ""
                  }
                ],
                "s3_logs": [
                  {
                    "encryption_disabled": false,
                    "location": "",
                    "status": "DISABLED"
                  }
                ]
              }
            ],
            "name": "openjobs-codebuild",
            "queued_timeout": 480,
            "secondary_artifacts": [],
            "secondary_sources": [],
            "service_role": "arn:aws:iam::367444460268:role/codebuild-role",
            "source": [
              {
                "auth": [],
                "build_status_config": [],
                "buildspec": "version: 0.2\n\nphases:\n  pre_build:\n    commands:\n      - pip install awscli --upgrade --user\n      - echo `aws --version`\n      - echo Logging in to Amazon ECR...\n      - $(aws ecr get-login --region us-east-1 --no-include-email)\n      - REPOSITORY_URI=367444460268.dkr.ecr.us-east-1.amazonaws.com/openjobs/production\n      - IMAGE_TAG=$(echo $CODEBUILD_RESOLVED_SOURCE_VERSION | cut -c 1-7)\n      - echo Entered the pre_build phase...\n  build:\n    commands:\n      - echo Build started on `date`\n      - echo Building the Docker image...\n      - docker build --build-arg build_without=\"development test\" --build-arg rails_env=\"production\" -t $REPOSITORY_URI:latest .\n      - docker tag $REPOSITORY_URI:latest $REPOSITORY_URI:$IMAGE_TAG\n  post_build:\n    commands:\n      - echo Build completed on `date`\n      - echo Pushing the Docker images...\n      - docker push $REPOSITORY_URI:latest\n      - docker push $REPOSITORY_URI:$IMAGE_TAG\n      - echo Writing image definitions file...\n      - printf '[{\"name\":\"web\",\"imageUri\":\"%s\"}]' $REPOSITORY_URI:$IMAGE_TAG \u003e imagedefinitions.json\n      - echo upgrading db-migrate task definitions\n      - aws ecs run-task --launch-type FARGATE --cluster ws-production-ecs-cluster --task-definition production_db_migrate --network-configuration \"awsvpcConfiguration={subnets=[subnet-0fbebde0817e3db0b],securityGroups=[sg-0598846f78f2c8aeb,sg-07a9a992cfc3d0c0b,sg-0efa2440037098a32]}\"\nartifacts:\n  files: imagedefinitions.json\n",
                "git_clone_depth": 0,
                "git_submodules_config": [],
                "insecure_ssl": false,
                "location": "",
                "report_build_status": false,
                "type": "CODEPIPELINE"
              }
            ],
            "source_version": "",
            "tags": null,
            "tags_all": {},
            "vpc_config": []
          },
          "sensitive_attributes": [],
          "private": "bnVsbA==",
          "dependencies": [
            "module.code_pipeline.aws_iam_role.codebuild_role",
            "module.code_pipeline.data.template_file.buildspec",
            "module.ecs.aws_ecr_repository.openjobs_app",
            "module.ecs.aws_ecs_cluster.cluster",
            "module.ecs.aws_security_group.ecs_service",
            "module.networking.aws_security_group.default",
            "module.networking.aws_subnet.private_subnet",
            "module.networking.aws_vpc.vpc",
            "module.rds.aws_security_group.db_access_sg"
          ]
        }
      ]
    },
    {
      "module": "module.code_pipeline",
      "mode": "managed",
      "type": "aws_codepipeline",
      "name": "pipeline",
      "provider": "provider[\"registry.terraform.io/hashicorp/aws\"]",
      "instances": []
    },
    {
      "module": "module.code_pipeline",
      "mode": "managed",
      "type": "aws_iam_role",
      "name": "codebuild_role",
      "provider": "provider[\"registry.terraform.io/hashicorp/aws\"]",
      "instances": [
        {
          "schema_version": 0,
          "attributes": {
            "arn": "arn:aws:iam::367444460268:role/codebuild-role",
            "assume_role_policy": "{\"Version\":\"2012-10-17\",\"Statement\":[{\"Effect\":\"Allow\",\"Principal\":{\"Service\":\"codebuild.amazonaws.com\"},\"Action\":\"sts:AssumeRole\"}]}",
            "create_date": "2021-08-18T13:08:51Z",
            "description": "",
            "force_detach_policies": false,
            "id": "codebuild-role",
            "inline_policy": [
              {
                "name": "",
                "policy": ""
              }
            ],
            "managed_policy_arns": [],
            "max_session_duration": 3600,
            "name": "codebuild-role",
            "name_prefix": null,
            "path": "/",
            "permissions_boundary": null,
            "tags": null,
            "tags_all": {},
            "unique_id": "AROAVLDLFQLWJ5VJL47YY"
          },
          "sensitive_attributes": [],
          "private": "bnVsbA=="
        }
      ]
    },
    {
      "module": "module.code_pipeline",
      "mode": "managed",
      "type": "aws_iam_role",
      "name": "codepipeline_role",
      "provider": "provider[\"registry.terraform.io/hashicorp/aws\"]",
      "instances": [
        {
          "schema_version": 0,
          "attributes": {
            "arn": "arn:aws:iam::367444460268:role/codepipeline-role",
            "assume_role_policy": "{\"Version\":\"2012-10-17\",\"Statement\":[{\"Effect\":\"Allow\",\"Principal\":{\"Service\":\"codepipeline.amazonaws.com\"},\"Action\":\"sts:AssumeRole\"}]}",
            "create_date": "2021-08-18T13:08:51Z",
            "description": "",
            "force_detach_policies": false,
            "id": "codepipeline-role",
            "inline_policy": [
              {
                "name": "",
                "policy": ""
              }
            ],
            "managed_policy_arns": [],
            "max_session_duration": 3600,
            "name": "codepipeline-role",
            "name_prefix": null,
            "path": "/",
            "permissions_boundary": null,
            "tags": null,
            "tags_all": {},
            "unique_id": "AROAVLDLFQLWAR24EDHGE"
          },
          "sensitive_attributes": [],
          "private": "bnVsbA=="
        }
      ]
    },
    {
      "module": "module.code_pipeline",
      "mode": "managed",
      "type": "aws_iam_role_policy",
      "name": "codebuild_policy",
      "provider": "provider[\"registry.terraform.io/hashicorp/aws\"]",
      "instances": []
    },
    {
      "module": "module.code_pipeline",
      "mode": "managed",
      "type": "aws_iam_role_policy",
      "name": "codepipeline_policy",
      "provider": "provider[\"registry.terraform.io/hashicorp/aws\"]",
      "instances": []
    },
    {
      "module": "module.ecs",
      "mode": "data",
      "type": "aws_ecs_task_definition",
      "name": "web",
      "provider": "provider[\"registry.terraform.io/hashicorp/aws\"]",
      "instances": [
        {
          "schema_version": 0,
          "attributes": {
            "family": "ws_production_web",
            "id": "arn:aws:ecs:us-east-1:367444460268:task-definition/ws_production_web:1",
            "network_mode": "awsvpc",
            "revision": 1,
            "status": "ACTIVE",
            "task_definition": "ws_production_web",
            "task_role_arn": "arn:aws:iam::367444460268:role/ecs_task_execution_role"
          },
          "sensitive_attributes": []
        }
      ]
    },
    {
      "module": "module.ecs",
      "mode": "data",
      "type": "aws_iam_policy_document",
      "name": "ecs_service_policy",
      "provider": "provider[\"registry.terraform.io/hashicorp/aws\"]",
      "instances": [
        {
          "schema_version": 0,
          "attributes": {
            "id": "3615693260",
            "json": "{\n  \"Version\": \"2012-10-17\",\n  \"Statement\": [\n    {\n      \"Sid\": \"\",\n      \"Effect\": \"Allow\",\n      \"Action\": [\n        \"elasticloadbalancing:RegisterInstancesWithLoadBalancer\",\n        \"elasticloadbalancing:Describe*\",\n        \"elasticloadbalancing:DeregisterInstancesFromLoadBalancer\",\n        \"ec2:Describe*\",\n        \"ec2:AuthorizeSecurityGroupIngress\"\n      ],\n      \"Resource\": \"*\"\n    }\n  ]\n}",
            "override_json": null,
            "override_policy_documents": null,
            "policy_id": null,
            "source_json": null,
            "source_policy_documents": null,
            "statement": [
              {
                "actions": [
                  "ec2:AuthorizeSecurityGroupIngress",
                  "ec2:Describe*",
                  "elasticloadbalancing:DeregisterInstancesFromLoadBalancer",
                  "elasticloadbalancing:Describe*",
                  "elasticloadbalancing:RegisterInstancesWithLoadBalancer"
                ],
                "condition": [],
                "effect": "Allow",
                "not_actions": [],
                "not_principals": [],
                "not_resources": [],
                "principals": [],
                "resources": [
                  "*"
                ],
                "sid": ""
              }
            ],
            "version": "2012-10-17"
          },
          "sensitive_attributes": []
        }
      ]
    },
    {
      "module": "module.ecs",
      "mode": "data",
      "type": "aws_iam_policy_document",
      "name": "ecs_service_role",
      "provider": "provider[\"registry.terraform.io/hashicorp/aws\"]",
      "instances": [
        {
          "schema_version": 0,
          "attributes": {
            "id": "3622649364",
            "json": "{\n  \"Version\": \"2012-10-17\",\n  \"Statement\": [\n    {\n      \"Sid\": \"\",\n      \"Effect\": \"Allow\",\n      \"Action\": \"sts:AssumeRole\",\n      \"Principal\": {\n        \"Service\": \"ecs.amazonaws.com\"\n      }\n    }\n  ]\n}",
            "override_json": null,
            "override_policy_documents": null,
            "policy_id": null,
            "source_json": null,
            "source_policy_documents": null,
            "statement": [
              {
                "actions": [
                  "sts:AssumeRole"
                ],
                "condition": [],
                "effect": "Allow",
                "not_actions": [],
                "not_principals": [],
                "not_resources": [],
                "principals": [
                  {
                    "identifiers": [
                      "ecs.amazonaws.com"
                    ],
                    "type": "Service"
                  }
                ],
                "resources": [],
                "sid": ""
              }
            ],
            "version": "2012-10-17"
          },
          "sensitive_attributes": []
        }
      ]
    },
    {
      "module": "module.ecs",
      "mode": "data",
      "type": "template_file",
      "name": "db_migrate_task",
      "provider": "provider[\"registry.terraform.io/hashicorp/template\"]",
      "instances": [
        {
          "schema_version": 0,
          "attributes": {
            "filename": null,
            "id": "9a59687094f47949317c4a83860325dee59976d4e9893593a6f7f0a53c9795f2",
            "rendered": "[\n  {\n    \"name\": \"db-migrate\",\n    \"image\": \"367444460268.dkr.ecr.us-east-1.amazonaws.com/openjobs/production\",\n    \"command\": [\"bundle\", \"exec\", \"rake\", \"db:migrate\"],\n    \"memory\": 300,\n    \"logConfiguration\": {\n      \"logDriver\": \"awslogs\",\n      \"options\": {\n        \"awslogs-group\": \"openjobs\",\n        \"awslogs-region\": \"us-east-1\",\n        \"awslogs-stream-prefix\": \"db_migrate\"\n      }\n    },\n    \"environment\": [\n      {\n        \"name\": \"RAILS_ENV\",\n        \"value\": \"production\"\n      },\n      {\n        \"name\": \"DATABASE_URL\",\n        \"value\": \"postgresql://openjobs:myawesomepasswordproduction@ws-production-database.c01pgcftvbva.us-east-1.rds.amazonaws.com:5432/openjobs_production?encoding=utf8\u0026pool=40\"\n      },\n      {\n        \"name\": \"SECRET_KEY_BASE\",\n        \"value\": \"8d412aee3ceaa494fe1c276f5f7e524b9e33f649c03690e689e5b36a0cf4ce2a6f50024bc31f276c22b668e619d61a42b79f5e595759f377a8fa373e2907f41e\"\n      },\n      {\n        \"name\": \"RAILS_LOG_TO_STDOUT\",\n        \"value\": \"true\"\n      }\n    ]\n  }\n]\n",
            "template": "[\n  {\n    \"name\": \"db-migrate\",\n    \"image\": \"${image}\",\n    \"command\": [\"bundle\", \"exec\", \"rake\", \"db:migrate\"],\n    \"memory\": 300,\n    \"logConfiguration\": {\n      \"logDriver\": \"awslogs\",\n      \"options\": {\n        \"awslogs-group\": \"${log_group}\",\n        \"awslogs-region\": \"us-east-1\",\n        \"awslogs-stream-prefix\": \"db_migrate\"\n      }\n    },\n    \"environment\": [\n      {\n        \"name\": \"RAILS_ENV\",\n        \"value\": \"production\"\n      },\n      {\n        \"name\": \"DATABASE_URL\",\n        \"value\": \"${database_url}\"\n      },\n      {\n        \"name\": \"SECRET_KEY_BASE\",\n        \"value\": \"${secret_key_base}\"\n      },\n      {\n        \"name\": \"RAILS_LOG_TO_STDOUT\",\n        \"value\": \"true\"\n      }\n    ]\n  }\n]\n",
            "vars": {
              "database_url": "postgresql://openjobs:myawesomepasswordproduction@ws-production-database.c01pgcftvbva.us-east-1.rds.amazonaws.com:5432/openjobs_production?encoding=utf8\u0026pool=40",
              "image": "367444460268.dkr.ecr.us-east-1.amazonaws.com/openjobs/production",
              "log_group": "openjobs",
              "secret_key_base": "8d412aee3ceaa494fe1c276f5f7e524b9e33f649c03690e689e5b36a0cf4ce2a6f50024bc31f276c22b668e619d61a42b79f5e595759f377a8fa373e2907f41e"
            }
          },
          "sensitive_attributes": []
        }
      ]
    },
    {
      "module": "module.ecs",
      "mode": "data",
      "type": "template_file",
      "name": "web_task",
      "provider": "provider[\"registry.terraform.io/hashicorp/template\"]",
      "instances": [
        {
          "schema_version": 0,
          "attributes": {
            "filename": null,
            "id": "38bdffab08022cbc13dd5570652bc5d03712cc0f2606bf71fd27839eb6b06688",
            "rendered": "[\n  {\n    \"name\": \"web\",\n    \"image\": \"367444460268.dkr.ecr.us-east-1.amazonaws.com/openjobs/production\",\n    \"portMappings\": [\n      {\n        \"containerPort\": 80,\n        \"hostPort\": 80\n      }\n    ],\n    \"memory\": 300,\n    \"networkMode\": \"awsvpc\",\n    \"logConfiguration\": {\n      \"logDriver\": \"awslogs\",\n      \"options\": {\n        \"awslogs-group\": \"ws\",\n        \"awslogs-region\": \"us-east-1\",\n        \"awslogs-stream-prefix\": \"web\"\n      }\n    },\n    \"environment\": [\n      {\n        \"name\": \"RAILS_ENV\",\n        \"value\": \"production\"\n      },\n      {\n        \"name\": \"DATABASE_URL\",\n        \"value\": \"postgresql://openjobs:myawesomepasswordproduction@ws-production-database.c01pgcftvbva.us-east-1.rds.amazonaws.com:5432/openjobs_production?encoding=utf8\u0026pool=40\"\n      },\n      {\n        \"name\": \"SECRET_KEY_BASE\",\n        \"value\": \"8d412aee3ceaa494fe1c276f5f7e524b9e33f649c03690e689e5b36a0cf4ce2a6f50024bc31f276c22b668e619d61a42b79f5e595759f377a8fa373e2907f41e\"\n      },\n      {\n        \"name\": \"PORT\",\n        \"value\": \"80\"\n      },\n      {\n        \"name\": \"RAILS_LOG_TO_STDOUT\",\n        \"value\": \"true\"\n      },\n      {\n        \"name\": \"RAILS_SERVE_STATIC_FILES\",\n        \"value\": \"true\"\n      }\n    ]\n  }\n]\n\n",
            "template": "[\n  {\n    \"name\": \"web\",\n    \"image\": \"${image}\",\n    \"portMappings\": [\n      {\n        \"containerPort\": 80,\n        \"hostPort\": 80\n      }\n    ],\n    \"memory\": 300,\n    \"networkMode\": \"awsvpc\",\n    \"logConfiguration\": {\n      \"logDriver\": \"awslogs\",\n      \"options\": {\n        \"awslogs-group\": \"${log_group}\",\n        \"awslogs-region\": \"us-east-1\",\n        \"awslogs-stream-prefix\": \"web\"\n      }\n    },\n    \"environment\": [\n      {\n        \"name\": \"RAILS_ENV\",\n        \"value\": \"production\"\n      },\n      {\n        \"name\": \"DATABASE_URL\",\n        \"value\": \"${database_url}\"\n      },\n      {\n        \"name\": \"SECRET_KEY_BASE\",\n        \"value\": \"${secret_key_base}\"\n      },\n      {\n        \"name\": \"PORT\",\n        \"value\": \"80\"\n      },\n      {\n        \"name\": \"RAILS_LOG_TO_STDOUT\",\n        \"value\": \"true\"\n      },\n      {\n        \"name\": \"RAILS_SERVE_STATIC_FILES\",\n        \"value\": \"true\"\n      }\n    ]\n  }\n]\n\n",
            "vars": {
              "database_url": "postgresql://openjobs:myawesomepasswordproduction@ws-production-database.c01pgcftvbva.us-east-1.rds.amazonaws.com:5432/openjobs_production?encoding=utf8\u0026pool=40",
              "image": "367444460268.dkr.ecr.us-east-1.amazonaws.com/openjobs/production",
              "log_group": "ws",
              "secret_key_base": "8d412aee3ceaa494fe1c276f5f7e524b9e33f649c03690e689e5b36a0cf4ce2a6f50024bc31f276c22b668e619d61a42b79f5e595759f377a8fa373e2907f41e"
            }
          },
          "sensitive_attributes": []
        }
      ]
    },
    {
      "module": "module.ecs",
      "mode": "managed",
      "type": "aws_alb",
      "name": "main",
      "provider": "provider[\"registry.terraform.io/hashicorp/aws\"]",
      "instances": [
        {
          "schema_version": 0,
          "attributes": {
            "access_logs": [
              {
                "bucket": "",
                "enabled": false,
                "prefix": ""
              }
            ],
            "arn": "arn:aws:elasticloadbalancing:us-east-1:367444460268:loadbalancer/app/ws-production-alb/f2243963fa733029",
            "arn_suffix": "app/ws-production-alb/f2243963fa733029",
            "customer_owned_ipv4_pool": "",
            "dns_name": "ws-production-alb-1107952574.us-east-1.elb.amazonaws.com",
            "drop_invalid_header_fields": false,
            "enable_cross_zone_load_balancing": null,
            "enable_deletion_protection": false,
            "enable_http2": true,
            "id": "arn:aws:elasticloadbalancing:us-east-1:367444460268:loadbalancer/app/ws-production-alb/f2243963fa733029",
            "idle_timeout": 60,
            "internal": false,
            "ip_address_type": "ipv4",
            "load_balancer_type": "application",
            "name": "ws-production-alb",
            "name_prefix": null,
            "security_groups": [
              "sg-0598846f78f2c8aeb",
              "sg-07a9a992cfc3d0c0b",
              "sg-0faf6673d69620322"
            ],
            "subnet_mapping": [
              {
                "allocation_id": "",
                "ipv6_address": "",
                "outpost_id": "",
                "private_ipv4_address": "",
                "subnet_id": "subnet-0054549b6868233a8"
              },
              {
                "allocation_id": "",
                "ipv6_address": "",
                "outpost_id": "",
                "private_ipv4_address": "",
                "subnet_id": "subnet-0114fba9c4722bc90"
              }
            ],
            "subnets": [
              "subnet-0054549b6868233a8",
              "subnet-0114fba9c4722bc90"
            ],
            "tags": {
              "Environment": "production",
              "Name": "ws-production-alb"
            },
            "tags_all": {
              "Environment": "production",
              "Name": "ws-production-alb"
            },
            "timeouts": null,
            "vpc_id": "vpc-082525aba8ac6ee3d",
            "zone_id": "Z35SXDOTRQ7X7K"
          },
          "sensitive_attributes": [],
          "private": "eyJlMmJmYjczMC1lY2FhLTExZTYtOGY4OC0zNDM2M2JjN2M0YzAiOnsiY3JlYXRlIjo2MDAwMDAwMDAwMDAsImRlbGV0ZSI6NjAwMDAwMDAwMDAwLCJ1cGRhdGUiOjYwMDAwMDAwMDAwMH19",
          "dependencies": [
            "module.ecs.aws_security_group.web_inbound_sg",
            "module.networking.aws_security_group.default",
            "module.networking.aws_subnet.public_subnet",
            "module.networking.aws_vpc.vpc",
            "module.rds.aws_security_group.db_access_sg"
          ]
        }
      ]
    },
    {
      "module": "module.ecs",
      "mode": "managed",
      "type": "aws_alb_listener",
      "name": "front_end",
      "provider": "provider[\"registry.terraform.io/hashicorp/aws\"]",
      "instances": [
        {
          "schema_version": 0,
          "attributes": {
            "alpn_policy": null,
            "arn": "arn:aws:elasticloadbalancing:us-east-1:367444460268:listener/app/ws-production-alb/f2243963fa733029/2127e7caa3f4b32d",
            "certificate_arn": null,
            "default_action": [
              {
                "authenticate_cognito": [],
                "authenticate_oidc": [],
                "fixed_response": [],
                "forward": [],
                "order": 1,
                "redirect": [],
                "target_group_arn": "arn:aws:elasticloadbalancing:us-east-1:367444460268:targetgroup/ws-production-target-group-b74a/5baf726c28c57786",
                "type": "forward"
              }
            ],
            "id": "arn:aws:elasticloadbalancing:us-east-1:367444460268:listener/app/ws-production-alb/f2243963fa733029/2127e7caa3f4b32d",
            "load_balancer_arn": "arn:aws:elasticloadbalancing:us-east-1:367444460268:loadbalancer/app/ws-production-alb/f2243963fa733029",
            "port": 80,
            "protocol": "HTTP",
            "ssl_policy": "",
            "tags": null,
            "tags_all": {},
            "timeouts": null
          },
          "sensitive_attributes": [],
          "private": "eyJlMmJmYjczMC1lY2FhLTExZTYtOGY4OC0zNDM2M2JjN2M0YzAiOnsicmVhZCI6NjAwMDAwMDAwMDAwfX0=",
          "dependencies": [
            "module.ecs.aws_alb.main",
            "module.ecs.aws_alb_target_group.app",
            "module.ecs.aws_security_group.web_inbound_sg",
            "module.ecs.random_id.target_group_sufix",
            "module.networking.aws_security_group.default",
            "module.networking.aws_subnet.public_subnet",
            "module.networking.aws_vpc.vpc",
            "module.rds.aws_security_group.db_access_sg"
          ]
        }
      ]
    },
    {
      "module": "module.ecs",
      "mode": "managed",
      "type": "aws_alb_target_group",
      "name": "app",
      "provider": "provider[\"registry.terraform.io/hashicorp/aws\"]",
      "instances": [
        {
          "schema_version": 0,
          "attributes": {
            "arn": "arn:aws:elasticloadbalancing:us-east-1:367444460268:targetgroup/ws-production-target-group-b74a/5baf726c28c57786",
            "arn_suffix": "targetgroup/ws-production-target-group-b74a/5baf726c28c57786",
            "deregistration_delay": 300,
            "health_check": [
              {
                "enabled": true,
                "healthy_threshold": 3,
                "interval": 30,
                "matcher": "200",
                "path": "/",
                "port": "traffic-port",
                "protocol": "HTTP",
                "timeout": 3,
                "unhealthy_threshold": 2
              }
            ],
            "id": "arn:aws:elasticloadbalancing:us-east-1:367444460268:targetgroup/ws-production-target-group-b74a/5baf726c28c57786",
            "lambda_multi_value_headers_enabled": false,
            "load_balancing_algorithm_type": "round_robin",
            "name": "ws-production-target-group-b74a",
            "name_prefix": null,
            "port": 80,
            "preserve_client_ip": null,
            "protocol": "HTTP",
            "protocol_version": "HTTP1",
            "proxy_protocol_v2": false,
            "slow_start": 0,
            "stickiness": [
              {
                "cookie_duration": 86400,
                "cookie_name": "",
                "enabled": false,
                "type": "lb_cookie"
              }
            ],
            "tags": null,
            "tags_all": {},
            "target_type": "ip",
            "vpc_id": "vpc-082525aba8ac6ee3d"
          },
          "sensitive_attributes": [],
          "private": "bnVsbA==",
          "dependencies": [
            "module.ecs.random_id.target_group_sufix",
            "module.networking.aws_vpc.vpc"
          ],
          "create_before_destroy": true
        }
      ]
    },
    {
      "module": "module.ecs",
      "mode": "managed",
      "type": "aws_appautoscaling_policy",
      "name": "down",
      "provider": "provider[\"registry.terraform.io/hashicorp/aws\"]",
      "instances": [
        {
          "schema_version": 0,
          "attributes": {
            "arn": "arn:aws:autoscaling:us-east-1:367444460268:scalingPolicy:ec3188bd-3de0-4680-b3a0-2a367c3248a6:resource/ecs/service/ws-production-ecs-cluster/ws-production-web:policyName/ws_production_scale_down",
            "id": "ws_production_scale_down",
            "name": "ws_production_scale_down",
            "policy_type": "StepScaling",
            "resource_id": "service/ws-production-ecs-cluster/ws-production-web",
            "scalable_dimension": "ecs:service:DesiredCount",
            "service_namespace": "ecs",
            "step_scaling_policy_configuration": [
              {
                "adjustment_type": "ChangeInCapacity",
                "cooldown": 60,
                "metric_aggregation_type": "Maximum",
                "min_adjustment_magnitude": 0,
                "step_adjustment": [
                  {
                    "metric_interval_lower_bound": "0",
                    "metric_interval_upper_bound": "",
                    "scaling_adjustment": -1
                  }
                ]
              }
            ],
            "target_tracking_scaling_policy_configuration": []
          },
          "sensitive_attributes": [],
          "private": "bnVsbA==",
          "dependencies": [
            "module.ecs.aws_alb_target_group.app",
            "module.ecs.aws_appautoscaling_target.target",
            "module.ecs.aws_cloudwatch_log_group.openjobs",
            "module.ecs.aws_ecr_repository.openjobs_app",
            "module.ecs.aws_ecs_cluster.cluster",
            "module.ecs.aws_ecs_service.web",
            "module.ecs.aws_ecs_task_definition.web",
            "module.ecs.aws_iam_role.ecs_autoscale_role",
            "module.ecs.aws_iam_role.ecs_execution_role",
            "module.ecs.aws_iam_role.ecs_role",
            "module.ecs.aws_iam_role_policy.ecs_service_role_policy",
            "module.ecs.aws_security_group.ecs_service",
            "module.ecs.data.aws_ecs_task_definition.web",
            "module.ecs.data.aws_iam_policy_document.ecs_service_policy",
            "module.ecs.data.aws_iam_policy_document.ecs_service_role",
            "module.ecs.data.template_file.web_task",
            "module.ecs.random_id.target_group_sufix",
            "module.networking.aws_security_group.default",
            "module.networking.aws_subnet.private_subnet",
            "module.networking.aws_vpc.vpc",
            "module.rds.aws_db_instance.rds",
            "module.rds.aws_db_subnet_group.rds_subnet_group",
            "module.rds.aws_security_group.db_access_sg",
            "module.rds.aws_security_group.rds_sg"
          ]
        }
      ]
    },
    {
      "module": "module.ecs",
      "mode": "managed",
      "type": "aws_appautoscaling_policy",
      "name": "up",
      "provider": "provider[\"registry.terraform.io/hashicorp/aws\"]",
      "instances": [
        {
          "schema_version": 0,
          "attributes": {
            "arn": "arn:aws:autoscaling:us-east-1:367444460268:scalingPolicy:ec3188bd-3de0-4680-b3a0-2a367c3248a6:resource/ecs/service/ws-production-ecs-cluster/ws-production-web:policyName/ws_production_scale_up",
            "id": "ws_production_scale_up",
            "name": "ws_production_scale_up",
            "policy_type": "StepScaling",
            "resource_id": "service/ws-production-ecs-cluster/ws-production-web",
            "scalable_dimension": "ecs:service:DesiredCount",
            "service_namespace": "ecs",
            "step_scaling_policy_configuration": [
              {
                "adjustment_type": "ChangeInCapacity",
                "cooldown": 60,
                "metric_aggregation_type": "Maximum",
                "min_adjustment_magnitude": 0,
                "step_adjustment": [
                  {
                    "metric_interval_lower_bound": "0",
                    "metric_interval_upper_bound": "",
                    "scaling_adjustment": 1
                  }
                ]
              }
            ],
            "target_tracking_scaling_policy_configuration": []
          },
          "sensitive_attributes": [],
          "private": "bnVsbA==",
          "dependencies": [
            "module.ecs.aws_alb_target_group.app",
            "module.ecs.aws_appautoscaling_target.target",
            "module.ecs.aws_cloudwatch_log_group.openjobs",
            "module.ecs.aws_ecr_repository.openjobs_app",
            "module.ecs.aws_ecs_cluster.cluster",
            "module.ecs.aws_ecs_service.web",
            "module.ecs.aws_ecs_task_definition.web",
            "module.ecs.aws_iam_role.ecs_autoscale_role",
            "module.ecs.aws_iam_role.ecs_execution_role",
            "module.ecs.aws_iam_role.ecs_role",
            "module.ecs.aws_iam_role_policy.ecs_service_role_policy",
            "module.ecs.aws_security_group.ecs_service",
            "module.ecs.data.aws_ecs_task_definition.web",
            "module.ecs.data.aws_iam_policy_document.ecs_service_policy",
            "module.ecs.data.aws_iam_policy_document.ecs_service_role",
            "module.ecs.data.template_file.web_task",
            "module.ecs.random_id.target_group_sufix",
            "module.networking.aws_security_group.default",
            "module.networking.aws_subnet.private_subnet",
            "module.networking.aws_vpc.vpc",
            "module.rds.aws_db_instance.rds",
            "module.rds.aws_db_subnet_group.rds_subnet_group",
            "module.rds.aws_security_group.db_access_sg",
            "module.rds.aws_security_group.rds_sg"
          ]
        }
      ]
    },
    {
      "module": "module.ecs",
      "mode": "managed",
      "type": "aws_appautoscaling_target",
      "name": "target",
      "provider": "provider[\"registry.terraform.io/hashicorp/aws\"]",
      "instances": [
        {
          "schema_version": 0,
          "attributes": {
            "id": "service/ws-production-ecs-cluster/ws-production-web",
            "max_capacity": 4,
            "min_capacity": 2,
            "resource_id": "service/ws-production-ecs-cluster/ws-production-web",
            "role_arn": "arn:aws:iam::367444460268:role/aws-service-role/ecs.application-autoscaling.amazonaws.com/AWSServiceRoleForApplicationAutoScaling_ECSService",
            "scalable_dimension": "ecs:service:DesiredCount",
            "service_namespace": "ecs"
          },
          "sensitive_attributes": [],
          "private": "bnVsbA==",
          "dependencies": [
            "module.ecs.aws_alb_target_group.app",
            "module.ecs.aws_cloudwatch_log_group.openjobs",
            "module.ecs.aws_ecr_repository.openjobs_app",
            "module.ecs.aws_ecs_cluster.cluster",
            "module.ecs.aws_ecs_service.web",
            "module.ecs.aws_ecs_task_definition.web",
            "module.ecs.aws_iam_role.ecs_autoscale_role",
            "module.ecs.aws_iam_role.ecs_execution_role",
            "module.ecs.aws_iam_role.ecs_role",
            "module.ecs.aws_iam_role_policy.ecs_service_role_policy",
            "module.ecs.aws_security_group.ecs_service",
            "module.ecs.data.aws_ecs_task_definition.web",
            "module.ecs.data.aws_iam_policy_document.ecs_service_policy",
            "module.ecs.data.aws_iam_policy_document.ecs_service_role",
            "module.ecs.data.template_file.web_task",
            "module.ecs.random_id.target_group_sufix",
            "module.networking.aws_security_group.default",
            "module.networking.aws_subnet.private_subnet",
            "module.networking.aws_vpc.vpc",
            "module.rds.aws_db_instance.rds",
            "module.rds.aws_db_subnet_group.rds_subnet_group",
            "module.rds.aws_security_group.db_access_sg",
            "module.rds.aws_security_group.rds_sg"
          ]
        }
      ]
    },
    {
      "module": "module.ecs",
      "mode": "managed",
      "type": "aws_cloudwatch_log_group",
      "name": "openjobs",
      "provider": "provider[\"registry.terraform.io/hashicorp/aws\"]",
      "instances": [
        {
          "schema_version": 0,
          "attributes": {
            "arn": "arn:aws:logs:us-east-1:367444460268:log-group:ws",
            "id": "ws",
            "kms_key_id": "",
            "name": "ws",
            "name_prefix": null,
            "retention_in_days": 0,
            "tags": {
              "Application": "ws",
              "Environment": "production"
            },
            "tags_all": {
              "Application": "ws",
              "Environment": "production"
            }
          },
          "sensitive_attributes": [],
          "private": "bnVsbA=="
        }
      ]
    },
    {
      "module": "module.ecs",
      "mode": "managed",
      "type": "aws_cloudwatch_log_stream",
      "name": "openjobs_log_stream",
      "provider": "provider[\"registry.terraform.io/hashicorp/aws\"]",
      "instances": [
        {
          "schema_version": 0,
          "attributes": {
            "arn": "arn:aws:logs:us-east-1:367444460268:log-group:ws:log-stream:ws-log-stream",
            "id": "ws-log-stream",
            "log_group_name": "ws",
            "name": "ws-log-stream"
          },
          "sensitive_attributes": [],
          "private": "bnVsbA==",
          "dependencies": [
            "module.ecs.aws_cloudwatch_log_group.openjobs"
          ]
        }
      ]
    },
    {
      "module": "module.ecs",
      "mode": "managed",
      "type": "aws_cloudwatch_metric_alarm",
      "name": "service_cpu_high",
      "provider": "provider[\"registry.terraform.io/hashicorp/aws\"]",
      "instances": [
        {
          "schema_version": 1,
          "attributes": {
            "actions_enabled": true,
            "alarm_actions": [
              "arn:aws:autoscaling:us-east-1:367444460268:scalingPolicy:ec3188bd-3de0-4680-b3a0-2a367c3248a6:resource/ecs/service/ws-production-ecs-cluster/ws-production-web:policyName/ws_production_scale_up"
            ],
            "alarm_description": "",
            "alarm_name": "ws_production_web_cpu_utilization_high",
            "arn": "arn:aws:cloudwatch:us-east-1:367444460268:alarm:ws_production_web_cpu_utilization_high",
            "comparison_operator": "GreaterThanOrEqualToThreshold",
            "datapoints_to_alarm": 0,
            "dimensions": {
              "ClusterName": "ws-production-ecs-cluster",
              "ServiceName": "ws-production-web"
            },
            "evaluate_low_sample_count_percentiles": "",
            "evaluation_periods": 2,
            "extended_statistic": "",
            "id": "ws_production_web_cpu_utilization_high",
            "insufficient_data_actions": null,
            "metric_name": "CPUUtilization",
            "metric_query": [],
            "namespace": "AWS/ECS",
            "ok_actions": null,
            "period": 60,
            "statistic": "Maximum",
            "tags": null,
            "tags_all": {},
            "threshold": 85,
            "threshold_metric_id": "",
            "treat_missing_data": "missing",
            "unit": ""
          },
          "sensitive_attributes": [],
          "private": "eyJzY2hlbWFfdmVyc2lvbiI6IjEifQ==",
          "dependencies": [
            "module.ecs.aws_alb_target_group.app",
            "module.ecs.aws_appautoscaling_policy.up",
            "module.ecs.aws_appautoscaling_target.target",
            "module.ecs.aws_cloudwatch_log_group.openjobs",
            "module.ecs.aws_ecr_repository.openjobs_app",
            "module.ecs.aws_ecs_cluster.cluster",
            "module.ecs.aws_ecs_service.web",
            "module.ecs.aws_ecs_task_definition.web",
            "module.ecs.aws_iam_role.ecs_autoscale_role",
            "module.ecs.aws_iam_role.ecs_execution_role",
            "module.ecs.aws_iam_role.ecs_role",
            "module.ecs.aws_iam_role_policy.ecs_service_role_policy",
            "module.ecs.aws_security_group.ecs_service",
            "module.ecs.data.aws_ecs_task_definition.web",
            "module.ecs.data.aws_iam_policy_document.ecs_service_policy",
            "module.ecs.data.aws_iam_policy_document.ecs_service_role",
            "module.ecs.data.template_file.web_task",
            "module.ecs.random_id.target_group_sufix",
            "module.networking.aws_security_group.default",
            "module.networking.aws_subnet.private_subnet",
            "module.networking.aws_vpc.vpc",
            "module.rds.aws_db_instance.rds",
            "module.rds.aws_db_subnet_group.rds_subnet_group",
            "module.rds.aws_security_group.db_access_sg",
            "module.rds.aws_security_group.rds_sg"
          ]
        }
      ]
    },
    {
      "module": "module.ecs",
      "mode": "managed",
      "type": "aws_cloudwatch_metric_alarm",
      "name": "service_cpu_low",
      "provider": "provider[\"registry.terraform.io/hashicorp/aws\"]",
      "instances": [
        {
          "schema_version": 1,
          "attributes": {
            "actions_enabled": true,
            "alarm_actions": [
              "arn:aws:autoscaling:us-east-1:367444460268:scalingPolicy:ec3188bd-3de0-4680-b3a0-2a367c3248a6:resource/ecs/service/ws-production-ecs-cluster/ws-production-web:policyName/ws_production_scale_up"
            ],
            "alarm_description": "",
            "alarm_name": "ws_production_web_cpu_utilization_low",
            "arn": "arn:aws:cloudwatch:us-east-1:367444460268:alarm:ws_production_web_cpu_utilization_low",
            "comparison_operator": "LessThanOrEqualToThreshold",
            "datapoints_to_alarm": 0,
            "dimensions": {
              "ClusterName": "ws-production-ecs-cluster",
              "ServiceName": "ws-production-web"
            },
            "evaluate_low_sample_count_percentiles": "",
            "evaluation_periods": 2,
            "extended_statistic": "",
            "id": "ws_production_web_cpu_utilization_low",
            "insufficient_data_actions": null,
            "metric_name": "CPUUtilization",
            "metric_query": [],
            "namespace": "AWS/ECS",
            "ok_actions": null,
            "period": 60,
            "statistic": "Average",
            "tags": null,
            "tags_all": {},
            "threshold": 10,
            "threshold_metric_id": "",
            "treat_missing_data": "missing",
            "unit": ""
          },
          "sensitive_attributes": [],
          "private": "eyJzY2hlbWFfdmVyc2lvbiI6IjEifQ==",
          "dependencies": [
            "module.ecs.aws_alb_target_group.app",
            "module.ecs.aws_appautoscaling_policy.up",
            "module.ecs.aws_appautoscaling_target.target",
            "module.ecs.aws_cloudwatch_log_group.openjobs",
            "module.ecs.aws_ecr_repository.openjobs_app",
            "module.ecs.aws_ecs_cluster.cluster",
            "module.ecs.aws_ecs_service.web",
            "module.ecs.aws_ecs_task_definition.web",
            "module.ecs.aws_iam_role.ecs_autoscale_role",
            "module.ecs.aws_iam_role.ecs_execution_role",
            "module.ecs.aws_iam_role.ecs_role",
            "module.ecs.aws_iam_role_policy.ecs_service_role_policy",
            "module.ecs.aws_security_group.ecs_service",
            "module.ecs.data.aws_ecs_task_definition.web",
            "module.ecs.data.aws_iam_policy_document.ecs_service_policy",
            "module.ecs.data.aws_iam_policy_document.ecs_service_role",
            "module.ecs.data.template_file.web_task",
            "module.ecs.random_id.target_group_sufix",
            "module.networking.aws_security_group.default",
            "module.networking.aws_subnet.private_subnet",
            "module.networking.aws_vpc.vpc",
            "module.rds.aws_db_instance.rds",
            "module.rds.aws_db_subnet_group.rds_subnet_group",
            "module.rds.aws_security_group.db_access_sg",
            "module.rds.aws_security_group.rds_sg"
          ]
        }
      ]
    },
    {
      "module": "module.ecs",
      "mode": "managed",
      "type": "aws_ecr_repository",
      "name": "openjobs_app",
      "provider": "provider[\"registry.terraform.io/hashicorp/aws\"]",
      "instances": [
        {
          "schema_version": 0,
          "attributes": {
            "arn": "arn:aws:ecr:us-east-1:367444460268:repository/openjobs/production",
            "encryption_configuration": [
              {
                "encryption_type": "AES256",
                "kms_key": ""
              }
            ],
            "id": "openjobs/production",
            "image_scanning_configuration": [
              {
                "scan_on_push": false
              }
            ],
            "image_tag_mutability": "MUTABLE",
            "name": "openjobs/production",
            "registry_id": "367444460268",
            "repository_url": "367444460268.dkr.ecr.us-east-1.amazonaws.com/openjobs/production",
            "tags": null,
            "tags_all": {},
            "timeouts": null
          },
          "sensitive_attributes": [],
          "private": "eyJlMmJmYjczMC1lY2FhLTExZTYtOGY4OC0zNDM2M2JjN2M0YzAiOnsiZGVsZXRlIjoxMjAwMDAwMDAwMDAwfX0="
        }
      ]
    },
    {
      "module": "module.ecs",
      "mode": "managed",
      "type": "aws_ecs_cluster",
      "name": "cluster",
      "provider": "provider[\"registry.terraform.io/hashicorp/aws\"]",
      "instances": [
        {
          "schema_version": 0,
          "attributes": {
            "arn": "arn:aws:ecs:us-east-1:367444460268:cluster/ws-production-ecs-cluster",
            "capacity_providers": null,
            "configuration": [],
            "default_capacity_provider_strategy": [],
            "id": "arn:aws:ecs:us-east-1:367444460268:cluster/ws-production-ecs-cluster",
            "name": "ws-production-ecs-cluster",
            "setting": [
              {
                "name": "containerInsights",
                "value": "disabled"
              }
            ],
            "tags": null,
            "tags_all": {}
          },
          "sensitive_attributes": [],
          "private": "bnVsbA=="
        }
      ]
    },
    {
      "module": "module.ecs",
      "mode": "managed",
      "type": "aws_ecs_service",
      "name": "web",
      "provider": "provider[\"registry.terraform.io/hashicorp/aws\"]",
      "instances": [
        {
          "schema_version": 0,
          "attributes": {
            "capacity_provider_strategy": [],
            "cluster": "arn:aws:ecs:us-east-1:367444460268:cluster/ws-production-ecs-cluster",
            "deployment_circuit_breaker": [
              {
                "enable": false,
                "rollback": false
              }
            ],
            "deployment_controller": [
              {
                "type": "ECS"
              }
            ],
            "deployment_maximum_percent": 200,
            "deployment_minimum_healthy_percent": 100,
            "desired_count": 2,
            "enable_ecs_managed_tags": false,
            "enable_execute_command": false,
            "force_new_deployment": null,
            "health_check_grace_period_seconds": 0,
            "iam_role": "aws-service-role",
            "id": "arn:aws:ecs:us-east-1:367444460268:service/ws-production-ecs-cluster/ws-production-web",
            "launch_type": "FARGATE",
            "load_balancer": [
              {
                "container_name": "web",
                "container_port": 80,
                "elb_name": "",
                "target_group_arn": "arn:aws:elasticloadbalancing:us-east-1:367444460268:targetgroup/ws-production-target-group-b74a/5baf726c28c57786"
              }
            ],
            "name": "ws-production-web",
            "network_configuration": [
              {
                "assign_public_ip": false,
                "security_groups": [
                  "sg-0598846f78f2c8aeb",
                  "sg-07a9a992cfc3d0c0b",
                  "sg-0efa2440037098a32"
                ],
                "subnets": [
                  "subnet-0aeefe84c17626164",
                  "subnet-0fbebde0817e3db0b"
                ]
              }
            ],
            "ordered_placement_strategy": [],
            "placement_constraints": [],
            "platform_version": "LATEST",
            "propagate_tags": "NONE",
            "scheduling_strategy": "REPLICA",
            "service_registries": [],
            "tags": null,
            "tags_all": {},
            "task_definition": "ws_production_web:1",
            "timeouts": null,
            "wait_for_steady_state": false
          },
          "sensitive_attributes": [],
          "private": "eyJlMmJmYjczMC1lY2FhLTExZTYtOGY4OC0zNDM2M2JjN2M0YzAiOnsiZGVsZXRlIjoxMjAwMDAwMDAwMDAwfX0=",
          "dependencies": [
            "module.ecs.aws_alb_target_group.app",
            "module.ecs.aws_cloudwatch_log_group.openjobs",
            "module.ecs.aws_ecr_repository.openjobs_app",
            "module.ecs.aws_ecs_cluster.cluster",
            "module.ecs.aws_ecs_task_definition.web",
            "module.ecs.aws_iam_role.ecs_execution_role",
            "module.ecs.aws_iam_role.ecs_role",
            "module.ecs.aws_iam_role_policy.ecs_service_role_policy",
            "module.ecs.aws_security_group.ecs_service",
            "module.ecs.data.aws_ecs_task_definition.web",
            "module.ecs.data.aws_iam_policy_document.ecs_service_policy",
            "module.ecs.data.aws_iam_policy_document.ecs_service_role",
            "module.ecs.data.template_file.web_task",
            "module.ecs.random_id.target_group_sufix",
            "module.networking.aws_security_group.default",
            "module.networking.aws_subnet.private_subnet",
            "module.networking.aws_vpc.vpc",
            "module.rds.aws_db_instance.rds",
            "module.rds.aws_db_subnet_group.rds_subnet_group",
            "module.rds.aws_security_group.db_access_sg",
            "module.rds.aws_security_group.rds_sg"
          ]
        }
      ]
    },
    {
      "module": "module.ecs",
      "mode": "managed",
      "type": "aws_ecs_task_definition",
      "name": "db_migrate",
      "provider": "provider[\"registry.terraform.io/hashicorp/aws\"]",
      "instances": [
        {
          "schema_version": 1,
          "attributes": {
            "arn": "arn:aws:ecs:us-east-1:367444460268:task-definition/ws_production_db_migrate:1",
            "container_definitions": "[{\"command\":[\"bundle\",\"exec\",\"rake\",\"db:migrate\"],\"cpu\":0,\"environment\":[{\"name\":\"DATABASE_URL\",\"value\":\"postgresql://openjobs:myawesomepasswordproduction@ws-production-database.c01pgcftvbva.us-east-1.rds.amazonaws.com:5432/openjobs_production?encoding=utf8\u0026pool=40\"},{\"name\":\"RAILS_ENV\",\"value\":\"production\"},{\"name\":\"RAILS_LOG_TO_STDOUT\",\"value\":\"true\"},{\"name\":\"SECRET_KEY_BASE\",\"value\":\"8d412aee3ceaa494fe1c276f5f7e524b9e33f649c03690e689e5b36a0cf4ce2a6f50024bc31f276c22b668e619d61a42b79f5e595759f377a8fa373e2907f41e\"}],\"essential\":true,\"image\":\"367444460268.dkr.ecr.us-east-1.amazonaws.com/openjobs/production\",\"logConfiguration\":{\"logDriver\":\"awslogs\",\"options\":{\"awslogs-group\":\"openjobs\",\"awslogs-region\":\"us-east-1\",\"awslogs-stream-prefix\":\"db_migrate\"}},\"memory\":300,\"mountPoints\":[],\"name\":\"db-migrate\",\"portMappings\":[],\"volumesFrom\":[]}]",
            "cpu": "256",
            "ephemeral_storage": [],
            "execution_role_arn": "arn:aws:iam::367444460268:role/ecs_task_execution_role",
            "family": "ws_production_db_migrate",
            "id": "ws_production_db_migrate",
            "inference_accelerator": [],
            "ipc_mode": "",
            "memory": "512",
            "network_mode": "awsvpc",
            "pid_mode": "",
            "placement_constraints": [],
            "proxy_configuration": [],
            "requires_compatibilities": [
              "FARGATE"
            ],
            "revision": 1,
            "tags": null,
            "tags_all": {},
            "task_role_arn": "arn:aws:iam::367444460268:role/ecs_task_execution_role",
            "volume": []
          },
          "sensitive_attributes": [],
          "private": "eyJzY2hlbWFfdmVyc2lvbiI6IjEifQ==",
          "dependencies": [
            "module.ecs.aws_ecr_repository.openjobs_app",
            "module.ecs.aws_iam_role.ecs_execution_role",
            "module.ecs.data.template_file.db_migrate_task",
            "module.networking.aws_subnet.private_subnet",
            "module.networking.aws_vpc.vpc",
            "module.rds.aws_db_instance.rds",
            "module.rds.aws_db_subnet_group.rds_subnet_group",
            "module.rds.aws_security_group.db_access_sg",
            "module.rds.aws_security_group.rds_sg"
          ]
        }
      ]
    },
    {
      "module": "module.ecs",
      "mode": "managed",
      "type": "aws_ecs_task_definition",
      "name": "web",
      "provider": "provider[\"registry.terraform.io/hashicorp/aws\"]",
      "instances": [
        {
          "schema_version": 1,
          "attributes": {
            "arn": "arn:aws:ecs:us-east-1:367444460268:task-definition/ws_production_web:1",
            "container_definitions": "[{\"cpu\":0,\"environment\":[{\"name\":\"DATABASE_URL\",\"value\":\"postgresql://openjobs:myawesomepasswordproduction@ws-production-database.c01pgcftvbva.us-east-1.rds.amazonaws.com:5432/openjobs_production?encoding=utf8\u0026pool=40\"},{\"name\":\"PORT\",\"value\":\"80\"},{\"name\":\"RAILS_ENV\",\"value\":\"production\"},{\"name\":\"RAILS_LOG_TO_STDOUT\",\"value\":\"true\"},{\"name\":\"RAILS_SERVE_STATIC_FILES\",\"value\":\"true\"},{\"name\":\"SECRET_KEY_BASE\",\"value\":\"8d412aee3ceaa494fe1c276f5f7e524b9e33f649c03690e689e5b36a0cf4ce2a6f50024bc31f276c22b668e619d61a42b79f5e595759f377a8fa373e2907f41e\"}],\"essential\":true,\"image\":\"367444460268.dkr.ecr.us-east-1.amazonaws.com/openjobs/production\",\"logConfiguration\":{\"logDriver\":\"awslogs\",\"options\":{\"awslogs-group\":\"ws\",\"awslogs-region\":\"us-east-1\",\"awslogs-stream-prefix\":\"web\"}},\"memory\":300,\"mountPoints\":[],\"name\":\"web\",\"portMappings\":[{\"containerPort\":80,\"hostPort\":80,\"protocol\":\"tcp\"}],\"volumesFrom\":[]}]",
            "cpu": "256",
            "ephemeral_storage": [],
            "execution_role_arn": "arn:aws:iam::367444460268:role/ecs_task_execution_role",
            "family": "ws_production_web",
            "id": "ws_production_web",
            "inference_accelerator": [],
            "ipc_mode": "",
            "memory": "512",
            "network_mode": "awsvpc",
            "pid_mode": "",
            "placement_constraints": [],
            "proxy_configuration": [],
            "requires_compatibilities": [
              "FARGATE"
            ],
            "revision": 1,
            "tags": null,
            "tags_all": {},
            "task_role_arn": "arn:aws:iam::367444460268:role/ecs_task_execution_role",
            "volume": []
          },
          "sensitive_attributes": [],
          "private": "eyJzY2hlbWFfdmVyc2lvbiI6IjEifQ==",
          "dependencies": [
            "module.ecs.aws_cloudwatch_log_group.openjobs",
            "module.ecs.aws_ecr_repository.openjobs_app",
            "module.ecs.aws_iam_role.ecs_execution_role",
            "module.ecs.data.template_file.web_task",
            "module.networking.aws_subnet.private_subnet",
            "module.networking.aws_vpc.vpc",
            "module.rds.aws_db_instance.rds",
            "module.rds.aws_db_subnet_group.rds_subnet_group",
            "module.rds.aws_security_group.db_access_sg",
            "module.rds.aws_security_group.rds_sg"
          ]
        }
      ]
    },
    {
      "module": "module.ecs",
      "mode": "managed",
      "type": "aws_iam_role",
      "name": "ecs_autoscale_role",
      "provider": "provider[\"registry.terraform.io/hashicorp/aws\"]",
      "instances": [
        {
          "schema_version": 0,
          "attributes": {
            "arn": "arn:aws:iam::367444460268:role/ws_production_ecs_autoscale_role",
            "assume_role_policy": "{\"Version\":\"2012-10-17\",\"Statement\":[{\"Effect\":\"Allow\",\"Principal\":{\"Service\":\"application-autoscaling.amazonaws.com\"},\"Action\":\"sts:AssumeRole\"}]}",
            "create_date": "2021-08-18T13:08:51Z",
            "description": "",
            "force_detach_policies": false,
            "id": "ws_production_ecs_autoscale_role",
            "inline_policy": [
              {
                "name": "",
                "policy": ""
              }
            ],
            "managed_policy_arns": [],
            "max_session_duration": 3600,
            "name": "ws_production_ecs_autoscale_role",
            "name_prefix": null,
            "path": "/",
            "permissions_boundary": null,
            "tags": null,
            "tags_all": {},
            "unique_id": "AROAVLDLFQLWHLCBCMEPO"
          },
          "sensitive_attributes": [],
          "private": "bnVsbA=="
        }
      ]
    },
    {
      "module": "module.ecs",
      "mode": "managed",
      "type": "aws_iam_role",
      "name": "ecs_execution_role",
      "provider": "provider[\"registry.terraform.io/hashicorp/aws\"]",
      "instances": [
        {
          "schema_version": 0,
          "attributes": {
            "arn": "arn:aws:iam::367444460268:role/ecs_task_execution_role",
            "assume_role_policy": "{\"Version\":\"2012-10-17\",\"Statement\":[{\"Sid\":\"\",\"Effect\":\"Allow\",\"Principal\":{\"Service\":\"ecs-tasks.amazonaws.com\"},\"Action\":\"sts:AssumeRole\"}]}",
            "create_date": "2021-08-18T13:08:51Z",
            "description": "",
            "force_detach_policies": false,
            "id": "ecs_task_execution_role",
            "inline_policy": [
              {
                "name": "",
                "policy": ""
              }
            ],
            "managed_policy_arns": [],
            "max_session_duration": 3600,
            "name": "ecs_task_execution_role",
            "name_prefix": null,
            "path": "/",
            "permissions_boundary": null,
            "tags": null,
            "tags_all": {},
            "unique_id": "AROAVLDLFQLWBPK6Y6QMA"
          },
          "sensitive_attributes": [],
          "private": "bnVsbA=="
        }
      ]
    },
    {
      "module": "module.ecs",
      "mode": "managed",
      "type": "aws_iam_role",
      "name": "ecs_role",
      "provider": "provider[\"registry.terraform.io/hashicorp/aws\"]",
      "instances": [
        {
          "schema_version": 0,
          "attributes": {
            "arn": "arn:aws:iam::367444460268:role/ecs_role",
            "assume_role_policy": "{\"Version\":\"2012-10-17\",\"Statement\":[{\"Sid\":\"\",\"Effect\":\"Allow\",\"Principal\":{\"Service\":\"ecs.amazonaws.com\"},\"Action\":\"sts:AssumeRole\"}]}",
            "create_date": "2021-08-18T13:08:51Z",
            "description": "",
            "force_detach_policies": false,
            "id": "ecs_role",
            "inline_policy": [
              {
                "name": "",
                "policy": ""
              }
            ],
            "managed_policy_arns": [],
            "max_session_duration": 3600,
            "name": "ecs_role",
            "name_prefix": null,
            "path": "/",
            "permissions_boundary": null,
            "tags": null,
            "tags_all": {},
            "unique_id": "AROAVLDLFQLWATXVHMBN2"
          },
          "sensitive_attributes": [],
          "private": "bnVsbA==",
          "dependencies": [
            "module.ecs.data.aws_iam_policy_document.ecs_service_role"
          ]
        }
      ]
    },
    {
      "module": "module.ecs",
      "mode": "managed",
      "type": "aws_iam_role_policy",
      "name": "ecs_autoscale_role_policy",
      "provider": "provider[\"registry.terraform.io/hashicorp/aws\"]",
      "instances": [
        {
          "schema_version": 0,
          "attributes": {
            "id": "ws_production_ecs_autoscale_role:ecs_autoscale_role_policy",
            "name": "ecs_autoscale_role_policy",
            "name_prefix": null,
            "policy": "{\n  \"Version\": \"2012-10-17\",\n  \"Statement\": [\n    {\n      \"Effect\": \"Allow\",\n      \"Action\": [\n        \"ecs:DescribeServices\",\n        \"ecs:UpdateService\"\n      ],\n      \"Resource\": [\n        \"*\"\n      ]\n    },\n    {\n      \"Effect\": \"Allow\",\n      \"Action\": [\n        \"cloudwatch:DescribeAlarms\"\n      ],\n      \"Resource\": [\n        \"*\"\n      ]\n    }\n  ]\n}\n",
            "role": "ws_production_ecs_autoscale_role"
          },
          "sensitive_attributes": [],
          "private": "bnVsbA==",
          "dependencies": [
            "module.ecs.aws_iam_role.ecs_autoscale_role"
          ]
        }
      ]
    },
    {
      "module": "module.ecs",
      "mode": "managed",
      "type": "aws_iam_role_policy",
      "name": "ecs_execution_role_policy",
      "provider": "provider[\"registry.terraform.io/hashicorp/aws\"]",
      "instances": [
        {
          "schema_version": 0,
          "attributes": {
            "id": "ecs_task_execution_role:ecs_execution_role_policy",
            "name": "ecs_execution_role_policy",
            "name_prefix": null,
            "policy": "{\n  \"Version\": \"2012-10-17\",\n  \"Statement\": [\n    {\n      \"Effect\": \"Allow\",\n      \"Action\": [\n        \"ecr:GetAuthorizationToken\",\n        \"ecr:BatchCheckLayerAvailability\",\n        \"ecr:GetDownloadUrlForLayer\",\n        \"ecr:BatchGetImage\",\n        \"logs:CreateLogStream\",\n        \"logs:PutLogEvents\"\n      ],\n      \"Resource\": \"*\"\n    }\n  ]\n}\n",
            "role": "ecs_task_execution_role"
          },
          "sensitive_attributes": [],
          "private": "bnVsbA==",
          "dependencies": [
            "module.ecs.aws_iam_role.ecs_execution_role"
          ]
        }
      ]
    },
    {
      "module": "module.ecs",
      "mode": "managed",
      "type": "aws_iam_role_policy",
      "name": "ecs_service_role_policy",
      "provider": "provider[\"registry.terraform.io/hashicorp/aws\"]",
      "instances": [
        {
          "schema_version": 0,
          "attributes": {
            "id": "ecs_role:ecs_service_role_policy",
            "name": "ecs_service_role_policy",
            "name_prefix": null,
            "policy": "{\n  \"Version\": \"2012-10-17\",\n  \"Statement\": [\n    {\n      \"Sid\": \"\",\n      \"Effect\": \"Allow\",\n      \"Action\": [\n        \"elasticloadbalancing:RegisterInstancesWithLoadBalancer\",\n        \"elasticloadbalancing:Describe*\",\n        \"elasticloadbalancing:DeregisterInstancesFromLoadBalancer\",\n        \"ec2:Describe*\",\n        \"ec2:AuthorizeSecurityGroupIngress\"\n      ],\n      \"Resource\": \"*\"\n    }\n  ]\n}",
            "role": "ecs_role"
          },
          "sensitive_attributes": [],
          "private": "bnVsbA==",
          "dependencies": [
            "module.ecs.aws_iam_role.ecs_role",
            "module.ecs.data.aws_iam_policy_document.ecs_service_policy",
            "module.ecs.data.aws_iam_policy_document.ecs_service_role"
          ]
        }
      ]
    },
    {
      "module": "module.ecs",
      "mode": "managed",
      "type": "aws_security_group",
      "name": "ecs_service",
      "provider": "provider[\"registry.terraform.io/hashicorp/aws\"]",
      "instances": [
        {
          "schema_version": 1,
          "attributes": {
            "arn": "arn:aws:ec2:us-east-1:367444460268:security-group/sg-0efa2440037098a32",
            "description": "Allow egress from container",
            "egress": [
              {
                "cidr_blocks": [
                  "0.0.0.0/0"
                ],
                "description": "",
                "from_port": 0,
                "ipv6_cidr_blocks": [],
                "prefix_list_ids": [],
                "protocol": "-1",
                "security_groups": [],
                "self": false,
                "to_port": 0
              }
            ],
            "id": "sg-0efa2440037098a32",
            "ingress": [
              {
                "cidr_blocks": [
                  "0.0.0.0/0"
                ],
                "description": "",
                "from_port": 8,
                "ipv6_cidr_blocks": [],
                "prefix_list_ids": [],
                "protocol": "icmp",
                "security_groups": [],
                "self": false,
                "to_port": 0
              }
            ],
            "name": "ws-production-ecs-service-sg",
            "name_prefix": "",
            "owner_id": "367444460268",
            "revoke_rules_on_delete": false,
            "tags": {
              "Environment": "production",
              "Name": "ws-production-ecs-service-sg"
            },
            "tags_all": {
              "Environment": "production",
              "Name": "ws-production-ecs-service-sg"
            },
            "timeouts": null,
            "vpc_id": "vpc-082525aba8ac6ee3d"
          },
          "sensitive_attributes": [],
          "private": "eyJlMmJmYjczMC1lY2FhLTExZTYtOGY4OC0zNDM2M2JjN2M0YzAiOnsiY3JlYXRlIjo2MDAwMDAwMDAwMDAsImRlbGV0ZSI6OTAwMDAwMDAwMDAwfSwic2NoZW1hX3ZlcnNpb24iOiIxIn0=",
          "dependencies": [
            "module.networking.aws_vpc.vpc"
          ]
        }
      ]
    },
    {
      "module": "module.ecs",
      "mode": "managed",
      "type": "aws_security_group",
      "name": "web_inbound_sg",
      "provider": "provider[\"registry.terraform.io/hashicorp/aws\"]",
      "instances": [
        {
          "schema_version": 1,
          "attributes": {
            "arn": "arn:aws:ec2:us-east-1:367444460268:security-group/sg-0faf6673d69620322",
            "description": "Allow HTTP from Anywhere into ALB",
            "egress": [
              {
                "cidr_blocks": [
                  "0.0.0.0/0"
                ],
                "description": "",
                "from_port": 0,
                "ipv6_cidr_blocks": [],
                "prefix_list_ids": [],
                "protocol": "-1",
                "security_groups": [],
                "self": false,
                "to_port": 0
              }
            ],
            "id": "sg-0faf6673d69620322",
            "ingress": [
              {
                "cidr_blocks": [
                  "0.0.0.0/0"
                ],
                "description": "",
                "from_port": 80,
                "ipv6_cidr_blocks": [],
                "prefix_list_ids": [],
                "protocol": "tcp",
                "security_groups": [],
                "self": false,
                "to_port": 80
              },
              {
                "cidr_blocks": [
                  "0.0.0.0/0"
                ],
                "description": "",
                "from_port": 8,
                "ipv6_cidr_blocks": [],
                "prefix_list_ids": [],
                "protocol": "icmp",
                "security_groups": [],
                "self": false,
                "to_port": 0
              }
            ],
            "name": "ws-production-web-inbound-sg",
            "name_prefix": "",
            "owner_id": "367444460268",
            "revoke_rules_on_delete": false,
            "tags": {
              "Name": "ws-production-web-inbound-sg"
            },
            "tags_all": {
              "Name": "ws-production-web-inbound-sg"
            },
            "timeouts": null,
            "vpc_id": "vpc-082525aba8ac6ee3d"
          },
          "sensitive_attributes": [],
          "private": "eyJlMmJmYjczMC1lY2FhLTExZTYtOGY4OC0zNDM2M2JjN2M0YzAiOnsiY3JlYXRlIjo2MDAwMDAwMDAwMDAsImRlbGV0ZSI6OTAwMDAwMDAwMDAwfSwic2NoZW1hX3ZlcnNpb24iOiIxIn0=",
          "dependencies": [
            "module.networking.aws_vpc.vpc"
          ]
        }
      ]
    },
    {
      "module": "module.ecs",
      "mode": "managed",
      "type": "random_id",
      "name": "target_group_sufix",
      "provider": "provider[\"registry.terraform.io/hashicorp/random\"]",
      "instances": [
        {
          "schema_version": 0,
          "attributes": {
            "b64_std": "t0o=",
            "b64_url": "t0o",
            "byte_length": 2,
            "dec": "46922",
            "hex": "b74a",
            "id": "t0o",
            "keepers": null,
            "prefix": null
          },
          "sensitive_attributes": [],
          "private": "bnVsbA==",
          "create_before_destroy": true
        }
      ]
    },
    {
      "module": "module.networking",
      "mode": "managed",
      "type": "aws_eip",
      "name": "nat_eip",
      "provider": "provider[\"registry.terraform.io/hashicorp/aws\"]",
      "instances": [
        {
          "schema_version": 0,
          "attributes": {
            "address": null,
            "allocation_id": null,
            "associate_with_private_ip": null,
            "association_id": "",
            "carrier_ip": "",
            "customer_owned_ip": "",
            "customer_owned_ipv4_pool": "",
            "domain": "vpc",
            "id": "eipalloc-098fb4e97244c53fe",
            "instance": "",
            "network_border_group": "us-east-1",
            "network_interface": "",
            "private_dns": null,
            "private_ip": "",
            "public_dns": "ec2-54-84-112-167.compute-1.amazonaws.com",
            "public_ip": "54.84.112.167",
            "public_ipv4_pool": "amazon",
            "tags": null,
            "tags_all": {},
            "timeouts": null,
            "vpc": true
          },
          "sensitive_attributes": [],
          "private": "eyJlMmJmYjczMC1lY2FhLTExZTYtOGY4OC0zNDM2M2JjN2M0YzAiOnsiZGVsZXRlIjoxODAwMDAwMDAwMDAsInJlYWQiOjkwMDAwMDAwMDAwMCwidXBkYXRlIjozMDAwMDAwMDAwMDB9fQ==",
          "dependencies": [
            "module.networking.aws_internet_gateway.ig",
            "module.networking.aws_vpc.vpc"
          ]
        }
      ]
    },
    {
      "module": "module.networking",
      "mode": "managed",
      "type": "aws_internet_gateway",
      "name": "ig",
      "provider": "provider[\"registry.terraform.io/hashicorp/aws\"]",
      "instances": [
        {
          "schema_version": 0,
          "attributes": {
            "arn": "arn:aws:ec2:us-east-1:367444460268:internet-gateway/igw-09d1734abcb0e9b16",
            "id": "igw-09d1734abcb0e9b16",
            "owner_id": "367444460268",
            "tags": {
              "Environment": "production",
              "Name": "ws-production-igw"
            },
            "tags_all": {
              "Environment": "production",
              "Name": "ws-production-igw"
            },
            "vpc_id": "vpc-082525aba8ac6ee3d"
          },
          "sensitive_attributes": [],
          "private": "bnVsbA==",
          "dependencies": [
            "module.networking.aws_vpc.vpc"
          ]
        }
      ]
    },
    {
      "module": "module.networking",
      "mode": "managed",
      "type": "aws_nat_gateway",
      "name": "nat",
      "provider": "provider[\"registry.terraform.io/hashicorp/aws\"]",
      "instances": [
        {
          "index_key": 0,
          "status": "tainted",
          "schema_version": 0,
          "attributes": {
            "allocation_id": "eipalloc-098fb4e97244c53fe",
            "connectivity_type": "public",
            "id": "nat-0c77500fbaa7912a5",
            "network_interface_id": null,
            "private_ip": null,
            "public_ip": null,
            "subnet_id": "subnet-0054549b6868233a8",
            "tags": {
              "Environment": "production",
              "Name": "ws-production-us-east-1a-nat"
            },
            "tags_all": {
              "Environment": "production",
              "Name": "ws-production-us-east-1a-nat"
            }
          },
          "sensitive_attributes": [],
          "private": "bnVsbA==",
          "dependencies": [
            "module.networking.aws_eip.nat_eip",
            "module.networking.aws_internet_gateway.ig",
            "module.networking.aws_subnet.public_subnet",
            "module.networking.aws_vpc.vpc"
          ]
        },
        {
          "index_key": 1,
          "schema_version": 0,
          "attributes": {
            "allocation_id": "eipalloc-098fb4e97244c53fe",
            "connectivity_type": "public",
            "id": "nat-088c91c5ad4a7b28b",
            "network_interface_id": "eni-0f355b3dbaa35f83c",
            "private_ip": "10.0.1.97",
            "public_ip": "54.84.112.167",
            "subnet_id": "subnet-0054549b6868233a8",
            "tags": {
              "Environment": "production",
              "Name": "ws-production-us-east-1b-nat"
            },
            "tags_all": {
              "Environment": "production",
              "Name": "ws-production-us-east-1b-nat"
            }
          },
          "sensitive_attributes": [],
          "private": "bnVsbA==",
          "dependencies": [
            "module.networking.aws_eip.nat_eip",
            "module.networking.aws_internet_gateway.ig",
            "module.networking.aws_subnet.public_subnet",
            "module.networking.aws_vpc.vpc"
          ]
        }
      ]
    },
    {
      "module": "module.networking",
      "mode": "managed",
      "type": "aws_route",
      "name": "private_nat_gateway",
      "provider": "provider[\"registry.terraform.io/hashicorp/aws\"]",
      "instances": []
    },
    {
      "module": "module.networking",
      "mode": "managed",
      "type": "aws_route",
      "name": "public_internet_gateway",
      "provider": "provider[\"registry.terraform.io/hashicorp/aws\"]",
      "instances": [
        {
          "schema_version": 0,
          "attributes": {
            "carrier_gateway_id": "",
            "destination_cidr_block": "0.0.0.0/0",
            "destination_ipv6_cidr_block": "",
            "destination_prefix_list_id": "",
            "egress_only_gateway_id": "",
            "gateway_id": "igw-09d1734abcb0e9b16",
            "id": "r-rtb-079a57e33a67cd7541080289494",
            "instance_id": "",
            "instance_owner_id": "",
            "local_gateway_id": "",
            "nat_gateway_id": "",
            "network_interface_id": "",
            "origin": "CreateRoute",
            "route_table_id": "rtb-079a57e33a67cd754",
            "state": "active",
            "timeouts": null,
            "transit_gateway_id": "",
            "vpc_endpoint_id": "",
            "vpc_peering_connection_id": ""
          },
          "sensitive_attributes": [],
          "private": "eyJlMmJmYjczMC1lY2FhLTExZTYtOGY4OC0zNDM2M2JjN2M0YzAiOnsiY3JlYXRlIjoxMjAwMDAwMDAwMDAsImRlbGV0ZSI6MzAwMDAwMDAwMDAwfX0=",
          "dependencies": [
            "module.networking.aws_internet_gateway.ig",
            "module.networking.aws_route_table.public",
            "module.networking.aws_vpc.vpc"
          ]
        }
      ]
    },
    {
      "module": "module.networking",
      "mode": "managed",
      "type": "aws_route_table",
      "name": "private",
      "provider": "provider[\"registry.terraform.io/hashicorp/aws\"]",
      "instances": [
        {
          "schema_version": 0,
          "attributes": {
            "arn": "arn:aws:ec2:us-east-1:367444460268:route-table/rtb-0a4e76aa7049360f6",
            "id": "rtb-0a4e76aa7049360f6",
            "owner_id": "367444460268",
            "propagating_vgws": [],
            "route": [],
            "tags": {
              "Environment": "production",
              "Name": "ws-production-private-route-table"
            },
            "tags_all": {
              "Environment": "production",
              "Name": "ws-production-private-route-table"
            },
            "vpc_id": "vpc-082525aba8ac6ee3d"
          },
          "sensitive_attributes": [],
          "private": "bnVsbA==",
          "dependencies": [
            "module.networking.aws_vpc.vpc"
          ]
        }
      ]
    },
    {
      "module": "module.networking",
      "mode": "managed",
      "type": "aws_route_table",
      "name": "public",
      "provider": "provider[\"registry.terraform.io/hashicorp/aws\"]",
      "instances": [
        {
          "schema_version": 0,
          "attributes": {
            "arn": "arn:aws:ec2:us-east-1:367444460268:route-table/rtb-079a57e33a67cd754",
            "id": "rtb-079a57e33a67cd754",
            "owner_id": "367444460268",
            "propagating_vgws": [],
            "route": [],
            "tags": {
              "Environment": "production",
              "Name": "ws-production-public-route-table"
            },
            "tags_all": {
              "Environment": "production",
              "Name": "ws-production-public-route-table"
            },
            "vpc_id": "vpc-082525aba8ac6ee3d"
          },
          "sensitive_attributes": [],
          "private": "bnVsbA==",
          "dependencies": [
            "module.networking.aws_vpc.vpc"
          ]
        }
      ]
    },
    {
      "module": "module.networking",
      "mode": "managed",
      "type": "aws_route_table_association",
      "name": "private",
      "provider": "provider[\"registry.terraform.io/hashicorp/aws\"]",
      "instances": [
        {
          "index_key": 0,
          "schema_version": 0,
          "attributes": {
            "gateway_id": "",
            "id": "rtbassoc-05f69984513d9cbf6",
            "route_table_id": "rtb-0a4e76aa7049360f6",
            "subnet_id": "subnet-0fbebde0817e3db0b"
          },
          "sensitive_attributes": [],
          "private": "bnVsbA==",
          "dependencies": [
            "module.networking.aws_route_table.private",
            "module.networking.aws_subnet.private_subnet",
            "module.networking.aws_vpc.vpc"
          ]
        },
        {
          "index_key": 1,
          "schema_version": 0,
          "attributes": {
            "gateway_id": "",
            "id": "rtbassoc-019b846e904712eed",
            "route_table_id": "rtb-0a4e76aa7049360f6",
            "subnet_id": "subnet-0aeefe84c17626164"
          },
          "sensitive_attributes": [],
          "private": "bnVsbA==",
          "dependencies": [
            "module.networking.aws_route_table.private",
            "module.networking.aws_subnet.private_subnet",
            "module.networking.aws_vpc.vpc"
          ]
        }
      ]
    },
    {
      "module": "module.networking",
      "mode": "managed",
      "type": "aws_route_table_association",
      "name": "public",
      "provider": "provider[\"registry.terraform.io/hashicorp/aws\"]",
      "instances": [
        {
          "index_key": 0,
          "schema_version": 0,
          "attributes": {
            "gateway_id": "",
            "id": "rtbassoc-034db97763e813f47",
            "route_table_id": "rtb-079a57e33a67cd754",
            "subnet_id": "subnet-0054549b6868233a8"
          },
          "sensitive_attributes": [],
          "private": "bnVsbA==",
          "dependencies": [
            "module.networking.aws_route_table.public",
            "module.networking.aws_subnet.public_subnet",
            "module.networking.aws_vpc.vpc"
          ]
        },
        {
          "index_key": 1,
          "schema_version": 0,
          "attributes": {
            "gateway_id": "",
            "id": "rtbassoc-0ddaef17605f1118b",
            "route_table_id": "rtb-079a57e33a67cd754",
            "subnet_id": "subnet-0114fba9c4722bc90"
          },
          "sensitive_attributes": [],
          "private": "bnVsbA==",
          "dependencies": [
            "module.networking.aws_route_table.public",
            "module.networking.aws_subnet.public_subnet",
            "module.networking.aws_vpc.vpc"
          ]
        }
      ]
    },
    {
      "module": "module.networking",
      "mode": "managed",
      "type": "aws_security_group",
      "name": "default",
      "provider": "provider[\"registry.terraform.io/hashicorp/aws\"]",
      "instances": [
        {
          "schema_version": 1,
          "attributes": {
            "arn": "arn:aws:ec2:us-east-1:367444460268:security-group/sg-0598846f78f2c8aeb",
            "description": "Default security group to allow inbound/outbound from the VPC",
            "egress": [
              {
                "cidr_blocks": [],
                "description": "",
                "from_port": 0,
                "ipv6_cidr_blocks": [],
                "prefix_list_ids": [],
                "protocol": "-1",
                "security_groups": [],
                "self": true,
                "to_port": 0
              }
            ],
            "id": "sg-0598846f78f2c8aeb",
            "ingress": [
              {
                "cidr_blocks": [],
                "description": "",
                "from_port": 0,
                "ipv6_cidr_blocks": [],
                "prefix_list_ids": [],
                "protocol": "-1",
                "security_groups": [],
                "self": true,
                "to_port": 0
              }
            ],
            "name": "ws-production-default-sg",
            "name_prefix": "",
            "owner_id": "367444460268",
            "revoke_rules_on_delete": false,
            "tags": {
              "Environment": "production"
            },
            "tags_all": {
              "Environment": "production"
            },
            "timeouts": null,
            "vpc_id": "vpc-082525aba8ac6ee3d"
          },
          "sensitive_attributes": [],
          "private": "eyJlMmJmYjczMC1lY2FhLTExZTYtOGY4OC0zNDM2M2JjN2M0YzAiOnsiY3JlYXRlIjo2MDAwMDAwMDAwMDAsImRlbGV0ZSI6OTAwMDAwMDAwMDAwfSwic2NoZW1hX3ZlcnNpb24iOiIxIn0=",
          "dependencies": [
            "module.networking.aws_vpc.vpc"
          ]
        }
      ]
    },
    {
      "module": "module.networking",
      "mode": "managed",
      "type": "aws_subnet",
      "name": "private_subnet",
      "provider": "provider[\"registry.terraform.io/hashicorp/aws\"]",
      "instances": [
        {
          "index_key": 0,
          "schema_version": 1,
          "attributes": {
            "arn": "arn:aws:ec2:us-east-1:367444460268:subnet/subnet-0fbebde0817e3db0b",
            "assign_ipv6_address_on_creation": false,
            "availability_zone": "us-east-1a",
            "availability_zone_id": "use1-az1",
            "cidr_block": "10.0.10.0/24",
            "customer_owned_ipv4_pool": "",
            "id": "subnet-0fbebde0817e3db0b",
            "ipv6_cidr_block": "",
            "ipv6_cidr_block_association_id": "",
            "map_customer_owned_ip_on_launch": false,
            "map_public_ip_on_launch": false,
            "outpost_arn": "",
            "owner_id": "367444460268",
            "tags": {
              "Environment": "production",
              "Name": "ws-production-us-east-1a-private-subnet"
            },
            "tags_all": {
              "Environment": "production",
              "Name": "ws-production-us-east-1a-private-subnet"
            },
            "timeouts": null,
            "vpc_id": "vpc-082525aba8ac6ee3d"
          },
          "sensitive_attributes": [],
          "private": "eyJlMmJmYjczMC1lY2FhLTExZTYtOGY4OC0zNDM2M2JjN2M0YzAiOnsiY3JlYXRlIjo2MDAwMDAwMDAwMDAsImRlbGV0ZSI6MTIwMDAwMDAwMDAwMH0sInNjaGVtYV92ZXJzaW9uIjoiMSJ9",
          "dependencies": [
            "module.networking.aws_vpc.vpc"
          ]
        },
        {
          "index_key": 1,
          "schema_version": 1,
          "attributes": {
            "arn": "arn:aws:ec2:us-east-1:367444460268:subnet/subnet-0aeefe84c17626164",
            "assign_ipv6_address_on_creation": false,
            "availability_zone": "us-east-1b",
            "availability_zone_id": "use1-az2",
            "cidr_block": "10.0.20.0/24",
            "customer_owned_ipv4_pool": "",
            "id": "subnet-0aeefe84c17626164",
            "ipv6_cidr_block": "",
            "ipv6_cidr_block_association_id": "",
            "map_customer_owned_ip_on_launch": false,
            "map_public_ip_on_launch": false,
            "outpost_arn": "",
            "owner_id": "367444460268",
            "tags": {
              "Environment": "production",
              "Name": "ws-production-us-east-1b-private-subnet"
            },
            "tags_all": {
              "Environment": "production",
              "Name": "ws-production-us-east-1b-private-subnet"
            },
            "timeouts": null,
            "vpc_id": "vpc-082525aba8ac6ee3d"
          },
          "sensitive_attributes": [],
          "private": "eyJlMmJmYjczMC1lY2FhLTExZTYtOGY4OC0zNDM2M2JjN2M0YzAiOnsiY3JlYXRlIjo2MDAwMDAwMDAwMDAsImRlbGV0ZSI6MTIwMDAwMDAwMDAwMH0sInNjaGVtYV92ZXJzaW9uIjoiMSJ9",
          "dependencies": [
            "module.networking.aws_vpc.vpc"
          ]
        }
      ]
    },
    {
      "module": "module.networking",
      "mode": "managed",
      "type": "aws_subnet",
      "name": "public_subnet",
      "provider": "provider[\"registry.terraform.io/hashicorp/aws\"]",
      "instances": [
        {
          "index_key": 0,
          "schema_version": 1,
          "attributes": {
            "arn": "arn:aws:ec2:us-east-1:367444460268:subnet/subnet-0054549b6868233a8",
            "assign_ipv6_address_on_creation": false,
            "availability_zone": "us-east-1a",
            "availability_zone_id": "use1-az1",
            "cidr_block": "10.0.1.0/24",
            "customer_owned_ipv4_pool": "",
            "id": "subnet-0054549b6868233a8",
            "ipv6_cidr_block": "",
            "ipv6_cidr_block_association_id": "",
            "map_customer_owned_ip_on_launch": false,
            "map_public_ip_on_launch": true,
            "outpost_arn": "",
            "owner_id": "367444460268",
            "tags": {
              "Environment": "production",
              "Name": "ws-production-us-east-1a-public-subnet"
            },
            "tags_all": {
              "Environment": "production",
              "Name": "ws-production-us-east-1a-public-subnet"
            },
            "timeouts": null,
            "vpc_id": "vpc-082525aba8ac6ee3d"
          },
          "sensitive_attributes": [],
          "private": "eyJlMmJmYjczMC1lY2FhLTExZTYtOGY4OC0zNDM2M2JjN2M0YzAiOnsiY3JlYXRlIjo2MDAwMDAwMDAwMDAsImRlbGV0ZSI6MTIwMDAwMDAwMDAwMH0sInNjaGVtYV92ZXJzaW9uIjoiMSJ9",
          "dependencies": [
            "module.networking.aws_vpc.vpc"
          ]
        },
        {
          "index_key": 1,
          "schema_version": 1,
          "attributes": {
            "arn": "arn:aws:ec2:us-east-1:367444460268:subnet/subnet-0114fba9c4722bc90",
            "assign_ipv6_address_on_creation": false,
            "availability_zone": "us-east-1b",
            "availability_zone_id": "use1-az2",
            "cidr_block": "10.0.2.0/24",
            "customer_owned_ipv4_pool": "",
            "id": "subnet-0114fba9c4722bc90",
            "ipv6_cidr_block": "",
            "ipv6_cidr_block_association_id": "",
            "map_customer_owned_ip_on_launch": false,
            "map_public_ip_on_launch": true,
            "outpost_arn": "",
            "owner_id": "367444460268",
            "tags": {
              "Environment": "production",
              "Name": "ws-production-us-east-1b-public-subnet"
            },
            "tags_all": {
              "Environment": "production",
              "Name": "ws-production-us-east-1b-public-subnet"
            },
            "timeouts": null,
            "vpc_id": "vpc-082525aba8ac6ee3d"
          },
          "sensitive_attributes": [],
          "private": "eyJlMmJmYjczMC1lY2FhLTExZTYtOGY4OC0zNDM2M2JjN2M0YzAiOnsiY3JlYXRlIjo2MDAwMDAwMDAwMDAsImRlbGV0ZSI6MTIwMDAwMDAwMDAwMH0sInNjaGVtYV92ZXJzaW9uIjoiMSJ9",
          "dependencies": [
            "module.networking.aws_vpc.vpc"
          ]
        }
      ]
    },
    {
      "module": "module.networking",
      "mode": "managed",
      "type": "aws_vpc",
      "name": "vpc",
      "provider": "provider[\"registry.terraform.io/hashicorp/aws\"]",
      "instances": [
        {
          "schema_version": 1,
          "attributes": {
            "arn": "arn:aws:ec2:us-east-1:367444460268:vpc/vpc-082525aba8ac6ee3d",
            "assign_generated_ipv6_cidr_block": false,
            "cidr_block": "10.0.0.0/16",
            "default_network_acl_id": "acl-01c9122f132d6b3da",
            "default_route_table_id": "rtb-0fdee85e3a4dd539a",
            "default_security_group_id": "sg-097c14deea8ac0624",
            "dhcp_options_id": "dopt-d11225ab",
            "enable_classiclink": false,
            "enable_classiclink_dns_support": false,
            "enable_dns_hostnames": true,
            "enable_dns_support": true,
            "id": "vpc-082525aba8ac6ee3d",
            "instance_tenancy": "default",
            "ipv6_association_id": "",
            "ipv6_cidr_block": "",
            "main_route_table_id": "rtb-0fdee85e3a4dd539a",
            "owner_id": "367444460268",
            "tags": {
              "Environment": "production",
              "Name": "ws-production-vpc"
            },
            "tags_all": {
              "Environment": "production",
              "Name": "ws-production-vpc"
            }
          },
          "sensitive_attributes": [],
          "private": "eyJzY2hlbWFfdmVyc2lvbiI6IjEifQ==",
          "create_before_destroy": true
        }
      ]
    },
    {
      "module": "module.rds",
      "mode": "managed",
      "type": "aws_db_instance",
      "name": "rds",
      "provider": "provider[\"registry.terraform.io/hashicorp/aws\"]",
      "instances": [
        {
          "schema_version": 1,
          "attributes": {
            "address": "ws-production-database.c01pgcftvbva.us-east-1.rds.amazonaws.com",
            "allocated_storage": 20,
            "allow_major_version_upgrade": null,
            "apply_immediately": null,
            "arn": "arn:aws:rds:us-east-1:367444460268:db:ws-production-database",
            "auto_minor_version_upgrade": true,
            "availability_zone": "us-east-1a",
            "backup_retention_period": 0,
            "backup_window": "09:58-10:28",
            "ca_cert_identifier": "rds-ca-2019",
            "character_set_name": "",
            "copy_tags_to_snapshot": false,
            "customer_owned_ip_enabled": false,
            "db_subnet_group_name": "ws-production-rds-subnet-group",
            "delete_automated_backups": true,
            "deletion_protection": false,
            "domain": "",
            "domain_iam_role_name": "",
            "enabled_cloudwatch_logs_exports": null,
            "endpoint": "ws-production-database.c01pgcftvbva.us-east-1.rds.amazonaws.com:5432",
            "engine": "postgres",
            "engine_version": "9.6.6",
            "engine_version_actual": "9.6.6",
            "final_snapshot_identifier": null,
            "hosted_zone_id": "Z2R2ITUGPM61AM",
            "iam_database_authentication_enabled": false,
            "id": "ws-production-database",
            "identifier": "ws-production-database",
            "identifier_prefix": null,
            "instance_class": "db.t2.micro",
            "iops": 0,
            "kms_key_id": "",
            "latest_restorable_time": "0001-01-01T00:00:00Z",
            "license_model": "postgresql-license",
            "maintenance_window": "tue:04:39-tue:05:09",
            "max_allocated_storage": 0,
            "monitoring_interval": 0,
            "monitoring_role_arn": "",
            "multi_az": false,
            "name": "openjobs_production",
            "nchar_character_set_name": "",
            "option_group_name": "default:postgres-9-6",
            "parameter_group_name": "default.postgres9.6",
            "password": "myawesomepasswordproduction",
            "performance_insights_enabled": false,
            "performance_insights_kms_key_id": "",
            "performance_insights_retention_period": 0,
            "port": 5432,
            "publicly_accessible": false,
            "replicas": [],
            "replicate_source_db": "",
            "resource_id": "db-ZZFCNRRLBSB4DWIXOSNFCFP3MY",
            "restore_to_point_in_time": [],
            "s3_import": [],
            "security_group_names": null,
            "skip_final_snapshot": true,
            "snapshot_identifier": null,
            "status": "available",
            "storage_encrypted": false,
            "storage_type": "gp2",
            "tags": {
              "Environment": "production"
            },
            "tags_all": {
              "Environment": "production"
            },
            "timeouts": null,
            "timezone": "",
            "username": "openjobs",
            "vpc_security_group_ids": [
              "sg-082b5e052cc50e276"
            ]
          },
          "sensitive_attributes": [],
          "private": "eyJlMmJmYjczMC1lY2FhLTExZTYtOGY4OC0zNDM2M2JjN2M0YzAiOnsiY3JlYXRlIjoyNDAwMDAwMDAwMDAwLCJkZWxldGUiOjM2MDAwMDAwMDAwMDAsInVwZGF0ZSI6NDgwMDAwMDAwMDAwMH0sInNjaGVtYV92ZXJzaW9uIjoiMSJ9",
          "dependencies": [
            "module.networking.aws_subnet.private_subnet",
            "module.networking.aws_vpc.vpc",
            "module.rds.aws_db_subnet_group.rds_subnet_group",
            "module.rds.aws_security_group.db_access_sg",
            "module.rds.aws_security_group.rds_sg"
          ]
        }
      ]
    },
    {
      "module": "module.rds",
      "mode": "managed",
      "type": "aws_db_subnet_group",
      "name": "rds_subnet_group",
      "provider": "provider[\"registry.terraform.io/hashicorp/aws\"]",
      "instances": [
        {
          "schema_version": 0,
          "attributes": {
            "arn": "arn:aws:rds:us-east-1:367444460268:subgrp:ws-production-rds-subnet-group",
            "description": "RDS subnet group",
            "id": "ws-production-rds-subnet-group",
            "name": "ws-production-rds-subnet-group",
            "name_prefix": null,
            "subnet_ids": [
              "subnet-0aeefe84c17626164",
              "subnet-0fbebde0817e3db0b"
            ],
            "tags": {
              "Environment": "production"
            },
            "tags_all": {
              "Environment": "production"
            }
          },
          "sensitive_attributes": [],
          "private": "bnVsbA==",
          "dependencies": [
            "module.networking.aws_subnet.private_subnet",
            "module.networking.aws_vpc.vpc"
          ]
        }
      ]
    },
    {
      "module": "module.rds",
      "mode": "managed",
      "type": "aws_security_group",
      "name": "db_access_sg",
      "provider": "provider[\"registry.terraform.io/hashicorp/aws\"]",
      "instances": [
        {
          "schema_version": 1,
          "attributes": {
            "arn": "arn:aws:ec2:us-east-1:367444460268:security-group/sg-07a9a992cfc3d0c0b",
            "description": "Allow access to RDS",
            "egress": [],
            "id": "sg-07a9a992cfc3d0c0b",
            "ingress": [],
            "name": "ws-production-db-access-sg",
            "name_prefix": "",
            "owner_id": "367444460268",
            "revoke_rules_on_delete": false,
            "tags": {
              "Environment": "production",
              "Name": "ws-production-db-access-sg"
            },
            "tags_all": {
              "Environment": "production",
              "Name": "ws-production-db-access-sg"
            },
            "timeouts": null,
            "vpc_id": "vpc-082525aba8ac6ee3d"
          },
          "sensitive_attributes": [],
          "private": "eyJlMmJmYjczMC1lY2FhLTExZTYtOGY4OC0zNDM2M2JjN2M0YzAiOnsiY3JlYXRlIjo2MDAwMDAwMDAwMDAsImRlbGV0ZSI6OTAwMDAwMDAwMDAwfSwic2NoZW1hX3ZlcnNpb24iOiIxIn0=",
          "dependencies": [
            "module.networking.aws_vpc.vpc"
          ]
        }
      ]
    },
    {
      "module": "module.rds",
      "mode": "managed",
      "type": "aws_security_group",
      "name": "rds_sg",
      "provider": "provider[\"registry.terraform.io/hashicorp/aws\"]",
      "instances": [
        {
          "schema_version": 1,
          "attributes": {
            "arn": "arn:aws:ec2:us-east-1:367444460268:security-group/sg-082b5e052cc50e276",
            "description": "production Security Group",
            "egress": [
              {
                "cidr_blocks": [
                  "0.0.0.0/0"
                ],
                "description": "",
                "from_port": 0,
                "ipv6_cidr_blocks": [],
                "prefix_list_ids": [],
                "protocol": "-1",
                "security_groups": [],
                "self": false,
                "to_port": 0
              }
            ],
            "id": "sg-082b5e052cc50e276",
            "ingress": [
              {
                "cidr_blocks": [],
                "description": "",
                "from_port": 0,
                "ipv6_cidr_blocks": [],
                "prefix_list_ids": [],
                "protocol": "-1",
                "security_groups": [],
                "self": true,
                "to_port": 0
              },
              {
                "cidr_blocks": [],
                "description": "",
                "from_port": 5432,
                "ipv6_cidr_blocks": [],
                "prefix_list_ids": [],
                "protocol": "tcp",
                "security_groups": [
                  "sg-07a9a992cfc3d0c0b"
                ],
                "self": false,
                "to_port": 5432
              }
            ],
            "name": "ws-production-rds-sg",
            "name_prefix": "",
            "owner_id": "367444460268",
            "revoke_rules_on_delete": false,
            "tags": {
              "Environment": "production",
              "Name": "ws-production-rds-sg"
            },
            "tags_all": {
              "Environment": "production",
              "Name": "ws-production-rds-sg"
            },
            "timeouts": null,
            "vpc_id": "vpc-082525aba8ac6ee3d"
          },
          "sensitive_attributes": [],
          "private": "eyJlMmJmYjczMC1lY2FhLTExZTYtOGY4OC0zNDM2M2JjN2M0YzAiOnsiY3JlYXRlIjo2MDAwMDAwMDAwMDAsImRlbGV0ZSI6OTAwMDAwMDAwMDAwfSwic2NoZW1hX3ZlcnNpb24iOiIxIn0=",
          "dependencies": [
            "module.networking.aws_vpc.vpc",
            "module.rds.aws_security_group.db_access_sg"
          ]
        }
      ]
    }
  ]
}
